<?xml version="1.0" encoding="utf-8"?>
<Project ToolsVersion="4.0" xmlns="http://schemas.microsoft.com/developer/msbuild/2003">
  <ItemGroup>
    <Filter Include="Shaders">
      <UniqueIdentifier>{03d3bf34-434a-42d3-b90c-0168e09b9db4}</UniqueIdentifier>
    </Filter>
  </ItemGroup>
  <ItemGroup>
    <ClCompile Include="..\..\..\Common\ogldev_texture.cpp" />
    <ClCompile Include="..\..\..\Common\math_3d.cpp" />
    <ClCompile Include="..\..\..\Common\ogldev_util.cpp" />
    <ClCompile Include="..\..\..\Common\3rdparty\stb_image.cpp" />
    <ClCompile Include="..\..\..\tutorial17_youtube\camera.cpp" />
    <ClCompile Include="..\..\..\tutorial17_youtube\tutorial17.cpp" />
    <ClCompile Include="..\..\..\tutorial17_youtube\world_transform.cpp" />
  </ItemGroup>
  <ItemGroup>
    <ClInclude Include="..\..\..\Include\ogldev_texture.h" />
    <ClInclude Include="..\..\..\tutorial17_youtube\camera.h" />
    <ClInclude Include="..\..\..\tutorial17_youtube\world_transform.h" />
  </ItemGroup>
  <ItemGroup>
    <None Include="..\..\..\tutorial17_youtube\shader.fs">
      <Filter>Shaders</Filter>
    </None>
    <None Include="..\..\..\tutorial17_youtube\shader.vs">
      <Filter>Shaders</Filter>
    </None>
  </ItemGroup>
</Project>