
Microsoft Visual Studio Solution File, Format Version 12.00
# Visual Studio Version 16
VisualStudioVersion = 16.0.31205.134
MinimumVisualStudioVersion = 10.0.40219.1
Project("{8BC9CEB8-8B4A-11D0-8D11-00A0C91BC942}") = "Tutorial01", "Tutorial01\Tutorial01.vcxproj", "{0FD6DB85-049D-4E43-8F50-369A91E5DB31}"
EndProject
Project("{8BC9CEB8-8B4A-11D0-8D11-00A0C91BC942}") = "Tutorial02", "Tutorial02\Tutorial02.vcxproj", "{518D3B5E-B8C0-421B-8C3C-68BB70A1BCE7}"
EndProject
Project("{8BC9CEB8-8B4A-11D0-8D11-00A0C91BC942}") = "Tutorial03", "Tutorial03\Tutorial03.vcxproj", "{77021C0F-1760-44F0-BB83-6CF85A0D2251}"
EndProject
Project("{8BC9CEB8-8B4A-11D0-8D11-00A0C91BC942}") = "Tutorial04", "Tutorial04\Tutorial04.vcxproj", "{70044A5A-87F2-484E-BDCD-E2CA572083E7}"
EndProject
Project("{8BC9CEB8-8B4A-11D0-8D11-00A0C91BC942}") = "Tutorial05", "Tutorial05\Tutorial05.vcxproj", "{EB4F0585-57E8-465B-B373-D4FAC0A9F87B}"
EndProject
Project("{8BC9CEB8-8B4A-11D0-8D11-00A0C91BC942}") = "Tutorial06", "Tutorial06\Tutorial06.vcxproj", "{A85A448D-839A-4DAF-9579-FEB93B198345}"
EndProject
Project("{8BC9CEB8-8B4A-11D0-8D11-00A0C91BC942}") = "Tutorial07", "Tutorial07\Tutorial07.vcxproj", "{2CE25B39-C3E1-4D7C-8092-EEE554D41935}"
EndProject
Project("{8BC9CEB8-8B4A-11D0-8D11-00A0C91BC942}") = "Tutorial08", "Tutorial08\Tutorial08.vcxproj", "{79D9962C-A9F1-4A2F-9C0A-E5C488E214E4}"
EndProject
Project("{8BC9CEB8-8B4A-11D0-8D11-00A0C91BC942}") = "Tutorial09", "Tutorial09\Tutorial09.vcxproj", "{E24C0411-F5EC-4854-B836-71A637B69B17}"
EndProject
Project("{8BC9CEB8-8B4A-11D0-8D11-00A0C91BC942}") = "Tutorial10", "Tutorial10\Tutorial10.vcxproj", "{8362F672-8200-433D-A4A4-34D6D3F90E74}"
EndProject
Project("{8BC9CEB8-8B4A-11D0-8D11-00A0C91BC942}") = "Tutorial11", "Tutorial11\Tutorial11.vcxproj", "{85B9081D-B624-4429-98ED-40F819A89541}"
EndProject
Project("{8BC9CEB8-8B4A-11D0-8D11-00A0C91BC942}") = "Tutorial12", "Tutorial12\Tutorial12.vcxproj", "{361E414D-FE1B-406A-A6E4-F046F4761A90}"
EndProject
Project("{8BC9CEB8-8B4A-11D0-8D11-00A0C91BC942}") = "Tutorial13", "Tutorial13\Tutorial13.vcxproj", "{1176A7B7-93F5-4B6F-BCB7-7517CC92DFCA}"
EndProject
Project("{8BC9CEB8-8B4A-11D0-8D11-00A0C91BC942}") = "Tutorial14", "Tutorial14\Tutorial14.vcxproj", "{050D33E4-33DF-4635-BB55-9D968259A46A}"
EndProject
Project("{8BC9CEB8-8B4A-11D0-8D11-00A0C91BC942}") = "Tutorial15", "Tutorial15\Tutorial15.vcxproj", "{557323B9-85F8-45DF-B78F-D89406D59464}"
EndProject
Project("{8BC9CEB8-8B4A-11D0-8D11-00A0C91BC942}") = "Tutorial16", "Tutorial16\Tutorial16.vcxproj", "{7223D5B2-3FDE-417B-BF9E-3E467D1D9FA5}"
EndProject
Project("{8BC9CEB8-8B4A-11D0-8D11-00A0C91BC942}") = "Tutorial18", "Tutorial18\Tutorial18.vcxproj", "{32A9FC7F-FB44-4984-99FB-E768DD0779D9}"
EndProject
Project("{8BC9CEB8-8B4A-11D0-8D11-00A0C91BC942}") = "Tutorial17", "Tutorial17\Tutorial17.vcxproj", "{95DAED2E-A907-4D44-8F0C-5A985491353F}"
EndProject
Project("{8BC9CEB8-8B4A-11D0-8D11-00A0C91BC942}") = "Tutorial19", "Tutorial19\Tutorial19.vcxproj", "{D3CB3C43-18C2-47CD-87D0-72D1D280D408}"
EndProject
Project("{8BC9CEB8-8B4A-11D0-8D11-00A0C91BC942}") = "Tutorial20", "Tutorial20\Tutorial20.vcxproj", "{34AC24B2-95A6-4F39-B643-6B6026D593D7}"
EndProject
Project("{8BC9CEB8-8B4A-11D0-8D11-00A0C91BC942}") = "Tutorial21", "Tutorial21\Tutorial21.vcxproj", "{88B3273E-DB0F-4211-9F31-D0EED48E0085}"
EndProject
Project("{2150E333-8FDC-42A3-9474-1A3956D46DE8}") = "Include", "Include", "{1F4F3822-5B5B-46A8-B8E6-253BB09CFB10}"
	ProjectSection(SolutionItems) = preProject
		..\..\Include\ogldev.h = ..\..\Include\ogldev.h
		..\..\Include\ogldev_app.h = ..\..\Include\ogldev_app.h
		..\..\Include\ogldev_atb.h = ..\..\Include\ogldev_atb.h
		..\..\Include\ogldev_backend.h = ..\..\Include\ogldev_backend.h
		..\..\Include\ogldev_basic_lighting.h = ..\..\Include\ogldev_basic_lighting.h
		..\..\Include\ogldev_basic_mesh.h = ..\..\Include\ogldev_basic_mesh.h
		..\..\Include\ogldev_callbacks.h = ..\..\Include\ogldev_callbacks.h
		..\..\Include\ogldev_camera.h = ..\..\Include\ogldev_camera.h
		..\..\Include\ogldev_cubemap_texture.h = ..\..\Include\ogldev_cubemap_texture.h
		..\..\Include\ogldev_engine_common.h = ..\..\Include\ogldev_engine_common.h
		..\..\Include\ogldev_glfw_backend.h = ..\..\Include\ogldev_glfw_backend.h
		..\..\Include\ogldev_glut_backend.h = ..\..\Include\ogldev_glut_backend.h
		..\..\Include\ogldev_io_buffer.h = ..\..\Include\ogldev_io_buffer.h
		..\..\Include\ogldev_keys.h = ..\..\Include\ogldev_keys.h
		..\..\Include\ogldev_lights_common.h = ..\..\Include\ogldev_lights_common.h
		..\..\Include\ogldev_material.h = ..\..\Include\ogldev_material.h
		..\..\Include\ogldev_math_3d.h = ..\..\Include\ogldev_math_3d.h
		..\..\Include\ogldev_pipeline.h = ..\..\Include\ogldev_pipeline.h
		..\..\Include\ogldev_random_texture.h = ..\..\Include\ogldev_random_texture.h
		..\..\Include\ogldev_shadow_map_fbo.h = ..\..\Include\ogldev_shadow_map_fbo.h
		..\..\Include\ogldev_skinned_mesh.h = ..\..\Include\ogldev_skinned_mesh.h
		..\..\Include\ogldev_texture.h = ..\..\Include\ogldev_texture.h
		..\..\Include\ogldev_types.h = ..\..\Include\ogldev_types.h
		..\..\Include\ogldev_util.h = ..\..\Include\ogldev_util.h
		..\..\Include\ogldev_vulkan.h = ..\..\Include\ogldev_vulkan.h
		..\..\Include\ogldev_vulkan_core.h = ..\..\Include\ogldev_vulkan_core.h
		..\..\Include\ogldev_win32_control.h = ..\..\Include\ogldev_win32_control.h
		..\..\Include\ogldev_world_transform.h = ..\..\Include\ogldev_world_transform.h
		..\..\Include\ogldev_xcb_control.h = ..\..\Include\ogldev_xcb_control.h
		..\..\Include\technique.h = ..\..\Include\technique.h
	EndProjectSection
EndProject
Global
	GlobalSection(SolutionConfigurationPlatforms) = preSolution
		Debug|x64 = Debug|x64
		Debug|x86 = Debug|x86
		Release|x64 = Release|x64
		Release|x86 = Release|x86
	EndGlobalSection
	GlobalSection(ProjectConfigurationPlatforms) = postSolution
		{0FD6DB85-049D-4E43-8F50-369A91E5DB31}.Debug|x64.ActiveCfg = Debug|x64
		{0FD6DB85-049D-4E43-8F50-369A91E5DB31}.Debug|x64.Build.0 = Debug|x64
		{0FD6DB85-049D-4E43-8F50-369A91E5DB31}.Debug|x86.ActiveCfg = Debug|Win32
		{0FD6DB85-049D-4E43-8F50-369A91E5DB31}.Debug|x86.Build.0 = Debug|Win32
		{0FD6DB85-049D-4E43-8F50-369A91E5DB31}.Release|x64.ActiveCfg = Release|x64
		{0FD6DB85-049D-4E43-8F50-369A91E5DB31}.Release|x64.Build.0 = Release|x64
		{0FD6DB85-049D-4E43-8F50-369A91E5DB31}.Release|x86.ActiveCfg = Release|Win32
		{0FD6DB85-049D-4E43-8F50-369A91E5DB31}.Release|x86.Build.0 = Release|Win32
		{518D3B5E-B8C0-421B-8C3C-68BB70A1BCE7}.Debug|x64.ActiveCfg = Debug|x64
		{518D3B5E-B8C0-421B-8C3C-68BB70A1BCE7}.Debug|x64.Build.0 = Debug|x64
		{518D3B5E-B8C0-421B-8C3C-68BB70A1BCE7}.Debug|x86.ActiveCfg = Debug|Win32
		{518D3B5E-B8C0-421B-8C3C-68BB70A1BCE7}.Debug|x86.Build.0 = Debug|Win32
		{518D3B5E-B8C0-421B-8C3C-68BB70A1BCE7}.Release|x64.ActiveCfg = Release|x64
		{518D3B5E-B8C0-421B-8C3C-68BB70A1BCE7}.Release|x64.Build.0 = Release|x64
		{518D3B5E-B8C0-421B-8C3C-68BB70A1BCE7}.Release|x86.ActiveCfg = Release|Win32
		{518D3B5E-B8C0-421B-8C3C-68BB70A1BCE7}.Release|x86.Build.0 = Release|Win32
		{77021C0F-1760-44F0-BB83-6CF85A0D2251}.Debug|x64.ActiveCfg = Debug|x64
		{77021C0F-1760-44F0-BB83-6CF85A0D2251}.Debug|x64.Build.0 = Debug|x64
		{77021C0F-1760-44F0-BB83-6CF85A0D2251}.Debug|x86.ActiveCfg = Debug|Win32
		{77021C0F-1760-44F0-BB83-6CF85A0D2251}.Debug|x86.Build.0 = Debug|Win32
		{77021C0F-1760-44F0-BB83-6CF85A0D2251}.Release|x64.ActiveCfg = Release|x64
		{77021C0F-1760-44F0-BB83-6CF85A0D2251}.Release|x64.Build.0 = Release|x64
		{77021C0F-1760-44F0-BB83-6CF85A0D2251}.Release|x86.ActiveCfg = Release|Win32
		{77021C0F-1760-44F0-BB83-6CF85A0D2251}.Release|x86.Build.0 = Release|Win32
		{70044A5A-87F2-484E-BDCD-E2CA572083E7}.Debug|x64.ActiveCfg = Debug|x64
		{70044A5A-87F2-484E-BDCD-E2CA572083E7}.Debug|x64.Build.0 = Debug|x64
		{70044A5A-87F2-484E-BDCD-E2CA572083E7}.Debug|x86.ActiveCfg = Debug|Win32
		{70044A5A-87F2-484E-BDCD-E2CA572083E7}.Debug|x86.Build.0 = Debug|Win32
		{70044A5A-87F2-484E-BDCD-E2CA572083E7}.Release|x64.ActiveCfg = Release|x64
		{70044A5A-87F2-484E-BDCD-E2CA572083E7}.Release|x64.Build.0 = Release|x64
		{70044A5A-87F2-484E-BDCD-E2CA572083E7}.Release|x86.ActiveCfg = Release|Win32
		{70044A5A-87F2-484E-BDCD-E2CA572083E7}.Release|x86.Build.0 = Release|Win32
		{EB4F0585-57E8-465B-B373-D4FAC0A9F87B}.Debug|x64.ActiveCfg = Debug|x64
		{EB4F0585-57E8-465B-B373-D4FAC0A9F87B}.Debug|x64.Build.0 = Debug|x64
		{EB4F0585-57E8-465B-B373-D4FAC0A9F87B}.Debug|x86.ActiveCfg = Debug|Win32
		{EB4F0585-57E8-465B-B373-D4FAC0A9F87B}.Debug|x86.Build.0 = Debug|Win32
		{EB4F0585-57E8-465B-B373-D4FAC0A9F87B}.Release|x64.ActiveCfg = Release|x64
		{EB4F0585-57E8-465B-B373-D4FAC0A9F87B}.Release|x64.Build.0 = Release|x64
		{EB4F0585-57E8-465B-B373-D4FAC0A9F87B}.Release|x86.ActiveCfg = Release|Win32
		{EB4F0585-57E8-465B-B373-D4FAC0A9F87B}.Release|x86.Build.0 = Release|Win32
		{A85A448D-839A-4DAF-9579-FEB93B198345}.Debug|x64.ActiveCfg = Debug|x64
		{A85A448D-839A-4DAF-9579-FEB93B198345}.Debug|x64.Build.0 = Debug|x64
		{A85A448D-839A-4DAF-9579-FEB93B198345}.Debug|x86.ActiveCfg = Debug|Win32
		{A85A448D-839A-4DAF-9579-FEB93B198345}.Debug|x86.Build.0 = Debug|Win32
		{A85A448D-839A-4DAF-9579-FEB93B198345}.Release|x64.ActiveCfg = Release|x64
		{A85A448D-839A-4DAF-9579-FEB93B198345}.Release|x64.Build.0 = Release|x64
		{A85A448D-839A-4DAF-9579-FEB93B198345}.Release|x86.ActiveCfg = Release|Win32
		{A85A448D-839A-4DAF-9579-FEB93B198345}.Release|x86.Build.0 = Release|Win32
		{2CE25B39-C3E1-4D7C-8092-EEE554D41935}.Debug|x64.ActiveCfg = Debug|x64
		{2CE25B39-C3E1-4D7C-8092-EEE554D41935}.Debug|x64.Build.0 = Debug|x64
		{2CE25B39-C3E1-4D7C-8092-EEE554D41935}.Debug|x86.ActiveCfg = Debug|Win32
		{2CE25B39-C3E1-4D7C-8092-EEE554D41935}.Debug|x86.Build.0 = Debug|Win32
		{2CE25B39-C3E1-4D7C-8092-EEE554D41935}.Release|x64.ActiveCfg = Release|x64
		{2CE25B39-C3E1-4D7C-8092-EEE554D41935}.Release|x64.Build.0 = Release|x64
		{2CE25B39-C3E1-4D7C-8092-EEE554D41935}.Release|x86.ActiveCfg = Release|Win32
		{2CE25B39-C3E1-4D7C-8092-EEE554D41935}.Release|x86.Build.0 = Release|Win32
		{79D9962C-A9F1-4A2F-9C0A-E5C488E214E4}.Debug|x64.ActiveCfg = Debug|x64
		{79D9962C-A9F1-4A2F-9C0A-E5C488E214E4}.Debug|x64.Build.0 = Debug|x64
		{79D9962C-A9F1-4A2F-9C0A-E5C488E214E4}.Debug|x86.ActiveCfg = Debug|Win32
		{79D9962C-A9F1-4A2F-9C0A-E5C488E214E4}.Debug|x86.Build.0 = Debug|Win32
		{79D9962C-A9F1-4A2F-9C0A-E5C488E214E4}.Release|x64.ActiveCfg = Release|x64
		{79D9962C-A9F1-4A2F-9C0A-E5C488E214E4}.Release|x64.Build.0 = Release|x64
		{79D9962C-A9F1-4A2F-9C0A-E5C488E214E4}.Release|x86.ActiveCfg = Release|Win32
		{79D9962C-A9F1-4A2F-9C0A-E5C488E214E4}.Release|x86.Build.0 = Release|Win32
		{E24C0411-F5EC-4854-B836-71A637B69B17}.Debug|x64.ActiveCfg = Debug|x64
		{E24C0411-F5EC-4854-B836-71A637B69B17}.Debug|x64.Build.0 = Debug|x64
		{E24C0411-F5EC-4854-B836-71A637B69B17}.Debug|x86.ActiveCfg = Debug|Win32
		{E24C0411-F5EC-4854-B836-71A637B69B17}.Debug|x86.Build.0 = Debug|Win32
		{E24C0411-F5EC-4854-B836-71A637B69B17}.Release|x64.ActiveCfg = Release|x64
		{E24C0411-F5EC-4854-B836-71A637B69B17}.Release|x64.Build.0 = Release|x64
		{E24C0411-F5EC-4854-B836-71A637B69B17}.Release|x86.ActiveCfg = Release|Win32
		{E24C0411-F5EC-4854-B836-71A637B69B17}.Release|x86.Build.0 = Release|Win32
		{8362F672-8200-433D-A4A4-34D6D3F90E74}.Debug|x64.ActiveCfg = Debug|x64
		{8362F672-8200-433D-A4A4-34D6D3F90E74}.Debug|x64.Build.0 = Debug|x64
		{8362F672-8200-433D-A4A4-34D6D3F90E74}.Debug|x86.ActiveCfg = Debug|Win32
		{8362F672-8200-433D-A4A4-34D6D3F90E74}.Debug|x86.Build.0 = Debug|Win32
		{8362F672-8200-433D-A4A4-34D6D3F90E74}.Release|x64.ActiveCfg = Release|x64
		{8362F672-8200-433D-A4A4-34D6D3F90E74}.Release|x64.Build.0 = Release|x64
		{8362F672-8200-433D-A4A4-34D6D3F90E74}.Release|x86.ActiveCfg = Release|Win32
		{8362F672-8200-433D-A4A4-34D6D3F90E74}.Release|x86.Build.0 = Release|Win32
		{85B9081D-B624-4429-98ED-40F819A89541}.Debug|x64.ActiveCfg = Debug|x64
		{85B9081D-B624-4429-98ED-40F819A89541}.Debug|x64.Build.0 = Debug|x64
		{85B9081D-B624-4429-98ED-40F819A89541}.Debug|x86.ActiveCfg = Debug|Win32
		{85B9081D-B624-4429-98ED-40F819A89541}.Debug|x86.Build.0 = Debug|Win32
		{85B9081D-B624-4429-98ED-40F819A89541}.Release|x64.ActiveCfg = Release|x64
		{85B9081D-B624-4429-98ED-40F819A89541}.Release|x64.Build.0 = Release|x64
		{85B9081D-B624-4429-98ED-40F819A89541}.Release|x86.ActiveCfg = Release|Win32
		{85B9081D-B624-4429-98ED-40F819A89541}.Release|x86.Build.0 = Release|Win32
		{361E414D-FE1B-406A-A6E4-F046F4761A90}.Debug|x64.ActiveCfg = Debug|x64
		{361E414D-FE1B-406A-A6E4-F046F4761A90}.Debug|x64.Build.0 = Debug|x64
		{361E414D-FE1B-406A-A6E4-F046F4761A90}.Debug|x86.ActiveCfg = Debug|Win32
		{361E414D-FE1B-406A-A6E4-F046F4761A90}.Debug|x86.Build.0 = Debug|Win32
		{361E414D-FE1B-406A-A6E4-F046F4761A90}.Release|x64.ActiveCfg = Release|x64
		{361E414D-FE1B-406A-A6E4-F046F4761A90}.Release|x64.Build.0 = Release|x64
		{361E414D-FE1B-406A-A6E4-F046F4761A90}.Release|x86.ActiveCfg = Release|Win32
		{361E414D-FE1B-406A-A6E4-F046F4761A90}.Release|x86.Build.0 = Release|Win32
		{1176A7B7-93F5-4B6F-BCB7-7517CC92DFCA}.Debug|x64.ActiveCfg = Debug|x64
		{1176A7B7-93F5-4B6F-BCB7-7517CC92DFCA}.Debug|x64.Build.0 = Debug|x64
		{1176A7B7-93F5-4B6F-BCB7-7517CC92DFCA}.Debug|x86.ActiveCfg = Debug|Win32
		{1176A7B7-93F5-4B6F-BCB7-7517CC92DFCA}.Debug|x86.Build.0 = Debug|Win32
		{1176A7B7-93F5-4B6F-BCB7-7517CC92DFCA}.Release|x64.ActiveCfg = Release|x64
		{1176A7B7-93F5-4B6F-BCB7-7517CC92DFCA}.Release|x64.Build.0 = Release|x64
		{1176A7B7-93F5-4B6F-BCB7-7517CC92DFCA}.Release|x86.ActiveCfg = Release|Win32
		{1176A7B7-93F5-4B6F-BCB7-7517CC92DFCA}.Release|x86.Build.0 = Release|Win32
		{050D33E4-33DF-4635-BB55-9D968259A46A}.Debug|x64.ActiveCfg = Debug|x64
		{050D33E4-33DF-4635-BB55-9D968259A46A}.Debug|x64.Build.0 = Debug|x64
		{050D33E4-33DF-4635-BB55-9D968259A46A}.Debug|x86.ActiveCfg = Debug|Win32
		{050D33E4-33DF-4635-BB55-9D968259A46A}.Debug|x86.Build.0 = Debug|Win32
		{050D33E4-33DF-4635-BB55-9D968259A46A}.Release|x64.ActiveCfg = Release|x64
		{050D33E4-33DF-4635-BB55-9D968259A46A}.Release|x64.Build.0 = Release|x64
		{050D33E4-33DF-4635-BB55-9D968259A46A}.Release|x86.ActiveCfg = Release|Win32
		{050D33E4-33DF-4635-BB55-9D968259A46A}.Release|x86.Build.0 = Release|Win32
		{557323B9-85F8-45DF-B78F-D89406D59464}.Debug|x64.ActiveCfg = Debug|x64
		{557323B9-85F8-45DF-B78F-D89406D59464}.Debug|x64.Build.0 = Debug|x64
		{557323B9-85F8-45DF-B78F-D89406D59464}.Debug|x86.ActiveCfg = Debug|Win32
		{557323B9-85F8-45DF-B78F-D89406D59464}.Debug|x86.Build.0 = Debug|Win32
		{557323B9-85F8-45DF-B78F-D89406D59464}.Release|x64.ActiveCfg = Release|x64
		{557323B9-85F8-45DF-B78F-D89406D59464}.Release|x64.Build.0 = Release|x64
		{557323B9-85F8-45DF-B78F-D89406D59464}.Release|x86.ActiveCfg = Release|Win32
		{557323B9-85F8-45DF-B78F-D89406D59464}.Release|x86.Build.0 = Release|Win32
		{7223D5B2-3FDE-417B-BF9E-3E467D1D9FA5}.Debug|x64.ActiveCfg = Debug|x64
		{7223D5B2-3FDE-417B-BF9E-3E467D1D9FA5}.Debug|x64.Build.0 = Debug|x64
		{7223D5B2-3FDE-417B-BF9E-3E467D1D9FA5}.Debug|x86.ActiveCfg = Debug|Win32
		{7223D5B2-3FDE-417B-BF9E-3E467D1D9FA5}.Debug|x86.Build.0 = Debug|Win32
		{7223D5B2-3FDE-417B-BF9E-3E467D1D9FA5}.Release|x64.ActiveCfg = Release|x64
		{7223D5B2-3FDE-417B-BF9E-3E467D1D9FA5}.Release|x64.Build.0 = Release|x64
		{7223D5B2-3FDE-417B-BF9E-3E467D1D9FA5}.Release|x86.ActiveCfg = Release|Win32
		{7223D5B2-3FDE-417B-BF9E-3E467D1D9FA5}.Release|x86.Build.0 = Release|Win32
		{32A9FC7F-FB44-4984-99FB-E768DD0779D9}.Debug|x64.ActiveCfg = Debug|x64
		{32A9FC7F-FB44-4984-99FB-E768DD0779D9}.Debug|x64.Build.0 = Debug|x64
		{32A9FC7F-FB44-4984-99FB-E768DD0779D9}.Debug|x86.ActiveCfg = Debug|Win32
		{32A9FC7F-FB44-4984-99FB-E768DD0779D9}.Debug|x86.Build.0 = Debug|Win32
		{32A9FC7F-FB44-4984-99FB-E768DD0779D9}.Release|x64.ActiveCfg = Release|x64
		{32A9FC7F-FB44-4984-99FB-E768DD0779D9}.Release|x64.Build.0 = Release|x64
		{32A9FC7F-FB44-4984-99FB-E768DD0779D9}.Release|x86.ActiveCfg = Release|Win32
		{32A9FC7F-FB44-4984-99FB-E768DD0779D9}.Release|x86.Build.0 = Release|Win32
		{95DAED2E-A907-4D44-8F0C-5A985491353F}.Debug|x64.ActiveCfg = Debug|x64
		{95DAED2E-A907-4D44-8F0C-5A985491353F}.Debug|x64.Build.0 = Debug|x64
		{95DAED2E-A907-4D44-8F0C-5A985491353F}.Debug|x86.ActiveCfg = Debug|Win32
		{95DAED2E-A907-4D44-8F0C-5A985491353F}.Debug|x86.Build.0 = Debug|Win32
		{95DAED2E-A907-4D44-8F0C-5A985491353F}.Release|x64.ActiveCfg = Release|x64
		{95DAED2E-A907-4D44-8F0C-5A985491353F}.Release|x64.Build.0 = Release|x64
		{95DAED2E-A907-4D44-8F0C-5A985491353F}.Release|x86.ActiveCfg = Release|Win32
		{95DAED2E-A907-4D44-8F0C-5A985491353F}.Release|x86.Build.0 = Release|Win32
		{D3CB3C43-18C2-47CD-87D0-72D1D280D408}.Debug|x64.ActiveCfg = Debug|x64
		{D3CB3C43-18C2-47CD-87D0-72D1D280D408}.Debug|x64.Build.0 = Debug|x64
		{D3CB3C43-18C2-47CD-87D0-72D1D280D408}.Debug|x86.ActiveCfg = Debug|Win32
		{D3CB3C43-18C2-47CD-87D0-72D1D280D408}.Debug|x86.Build.0 = Debug|Win32
		{D3CB3C43-18C2-47CD-87D0-72D1D280D408}.Release|x64.ActiveCfg = Release|x64
		{D3CB3C43-18C2-47CD-87D0-72D1D280D408}.Release|x64.Build.0 = Release|x64
		{D3CB3C43-18C2-47CD-87D0-72D1D280D408}.Release|x86.ActiveCfg = Release|Win32
		{D3CB3C43-18C2-47CD-87D0-72D1D280D408}.Release|x86.Build.0 = Release|Win32
		{34AC24B2-95A6-4F39-B643-6B6026D593D7}.Debug|x64.ActiveCfg = Debug|x64
		{34AC24B2-95A6-4F39-B643-6B6026D593D7}.Debug|x64.Build.0 = Debug|x64
		{34AC24B2-95A6-4F39-B643-6B6026D593D7}.Debug|x86.ActiveCfg = Debug|Win32
		{34AC24B2-95A6-4F39-B643-6B6026D593D7}.Debug|x86.Build.0 = Debug|Win32
		{34AC24B2-95A6-4F39-B643-6B6026D593D7}.Release|x64.ActiveCfg = Release|x64
		{34AC24B2-95A6-4F39-B643-6B6026D593D7}.Release|x64.Build.0 = Release|x64
		{34AC24B2-95A6-4F39-B643-6B6026D593D7}.Release|x86.ActiveCfg = Release|Win32
		{34AC24B2-95A6-4F39-B643-6B6026D593D7}.Release|x86.Build.0 = Release|Win32
		{88B3273E-DB0F-4211-9F31-D0EED48E0085}.Debug|x64.ActiveCfg = Debug|x64
		{88B3273E-DB0F-4211-9F31-D0EED48E0085}.Debug|x64.Build.0 = Debug|x64
		{88B3273E-DB0F-4211-9F31-D0EED48E0085}.Debug|x86.ActiveCfg = Debug|Win32
		{88B3273E-DB0F-4211-9F31-D0EED48E0085}.Debug|x86.Build.0 = Debug|Win32
		{88B3273E-DB0F-4211-9F31-D0EED48E0085}.Release|x64.ActiveCfg = Release|x64
		{88B3273E-DB0F-4211-9F31-D0EED48E0085}.Release|x64.Build.0 = Release|x64
		{88B3273E-DB0F-4211-9F31-D0EED48E0085}.Release|x86.ActiveCfg = Release|Win32
		{88B3273E-DB0F-4211-9F31-D0EED48E0085}.Release|x86.Build.0 = Release|Win32
	EndGlobalSection
	GlobalSection(SolutionProperties) = preSolution
		HideSolutionNode = FALSE
	EndGlobalSection
	GlobalSection(ExtensibilityGlobals) = postSolution
		SolutionGuid = {690F8FBC-BD4E-482C-BBD9-5CB7D2D801AC}
	EndGlobalSection
EndGlobal
