
Microsoft Visual Studio Solution File, Format Version 12.00
# Visual Studio Version 17
VisualStudioVersion = 17.1.32319.34
MinimumVisualStudioVersion = 10.0.40219.1
Project("{8BC9CEB8-8B4A-11D0-8D11-00A0C91BC942}") = "Tutorial01", "Tutorial01\Tutorial01.vcxproj", "{0FD6DB85-049D-4E43-8F50-369A91E5DB31}"
EndProject
Project("{8BC9CEB8-8B4A-11D0-8D11-00A0C91BC942}") = "Tutorial02", "Tutorial02\Tutorial02.vcxproj", "{518D3B5E-B8C0-421B-8C3C-68BB70A1BCE7}"
EndProject
Project("{8BC9CEB8-8B4A-11D0-8D11-00A0C91BC942}") = "Tutorial03", "Tutorial03\Tutorial03.vcxproj", "{77021C0F-1760-44F0-BB83-6CF85A0D2251}"
EndProject
Project("{8BC9CEB8-8B4A-11D0-8D11-00A0C91BC942}") = "Tutorial04", "Tutorial04\Tutorial04.vcxproj", "{70044A5A-87F2-484E-BDCD-E2CA572083E7}"
EndProject
Project("{8BC9CEB8-8B4A-11D0-8D11-00A0C91BC942}") = "Tutorial05", "Tutorial05\Tutorial05.vcxproj", "{EB4F0585-57E8-465B-B373-D4FAC0A9F87B}"
EndProject
Project("{8BC9CEB8-8B4A-11D0-8D11-00A0C91BC942}") = "Tutorial06", "Tutorial06\Tutorial06.vcxproj", "{A85A448D-839A-4DAF-9579-FEB93B198345}"
EndProject
Project("{8BC9CEB8-8B4A-11D0-8D11-00A0C91BC942}") = "Tutorial07", "Tutorial07\Tutorial07.vcxproj", "{2CE25B39-C3E1-4D7C-8092-EEE554D41935}"
EndProject
Project("{8BC9CEB8-8B4A-11D0-8D11-00A0C91BC942}") = "Tutorial08", "Tutorial08\Tutorial08.vcxproj", "{79D9962C-A9F1-4A2F-9C0A-E5C488E214E4}"
EndProject
Project("{8BC9CEB8-8B4A-11D0-8D11-00A0C91BC942}") = "Tutorial09", "Tutorial09\Tutorial09.vcxproj", "{E24C0411-F5EC-4854-B836-71A637B69B17}"
EndProject
Project("{8BC9CEB8-8B4A-11D0-8D11-00A0C91BC942}") = "Tutorial10", "Tutorial10\Tutorial10.vcxproj", "{8362F672-8200-433D-A4A4-34D6D3F90E74}"
EndProject
Project("{8BC9CEB8-8B4A-11D0-8D11-00A0C91BC942}") = "Tutorial11", "Tutorial11\Tutorial11.vcxproj", "{85B9081D-B624-4429-98ED-40F819A89541}"
EndProject
Project("{8BC9CEB8-8B4A-11D0-8D11-00A0C91BC942}") = "Tutorial12", "Tutorial12\Tutorial12.vcxproj", "{361E414D-FE1B-406A-A6E4-F046F4761A90}"
EndProject
Project("{8BC9CEB8-8B4A-11D0-8D11-00A0C91BC942}") = "Tutorial13", "Tutorial13\Tutorial13.vcxproj", "{1176A7B7-93F5-4B6F-BCB7-7517CC92DFCA}"
EndProject
Project("{8BC9CEB8-8B4A-11D0-8D11-00A0C91BC942}") = "Tutorial14", "Tutorial14\Tutorial14.vcxproj", "{050D33E4-33DF-4635-BB55-9D968259A46A}"
EndProject
Project("{8BC9CEB8-8B4A-11D0-8D11-00A0C91BC942}") = "Tutorial15", "Tutorial15\Tutorial15.vcxproj", "{557323B9-85F8-45DF-B78F-D89406D59464}"
EndProject
Project("{8BC9CEB8-8B4A-11D0-8D11-00A0C91BC942}") = "Tutorial16", "Tutorial16\Tutorial16.vcxproj", "{7223D5B2-3FDE-417B-BF9E-3E467D1D9FA5}"
EndProject
Project("{8BC9CEB8-8B4A-11D0-8D11-00A0C91BC942}") = "Tutorial18", "Tutorial18\Tutorial18.vcxproj", "{32A9FC7F-FB44-4984-99FB-E768DD0779D9}"
EndProject
Project("{8BC9CEB8-8B4A-11D0-8D11-00A0C91BC942}") = "Tutorial17", "Tutorial17\Tutorial17.vcxproj", "{95DAED2E-A907-4D44-8F0C-5A985491353F}"
EndProject
Project("{8BC9CEB8-8B4A-11D0-8D11-00A0C91BC942}") = "Tutorial19", "Tutorial19\Tutorial19.vcxproj", "{D3CB3C43-18C2-47CD-87D0-72D1D280D408}"
EndProject
Project("{8BC9CEB8-8B4A-11D0-8D11-00A0C91BC942}") = "Tutorial20", "Tutorial20\Tutorial20.vcxproj", "{34AC24B2-95A6-4F39-B643-6B6026D593D7}"
EndProject
Project("{8BC9CEB8-8B4A-11D0-8D11-00A0C91BC942}") = "Tutorial21", "Tutorial21\Tutorial21.vcxproj", "{88B3273E-DB0F-4211-9F31-D0EED48E0085}"
EndProject
Project("{2150E333-8FDC-42A3-9474-1A3956D46DE8}") = "Include", "Include", "{1F4F3822-5B5B-46A8-B8E6-253BB09CFB10}"
	ProjectSection(SolutionItems) = preProject
		..\..\Include\glfx.h = ..\..\Include\glfx.h
		..\..\Include\ogldev.h = ..\..\Include\ogldev.h
		..\..\Include\ogldev_app.h = ..\..\Include\ogldev_app.h
		..\..\Include\ogldev_array_2d.h = ..\..\Include\ogldev_array_2d.h
		..\..\Include\ogldev_atb.h = ..\..\Include\ogldev_atb.h
		..\..\Include\ogldev_backend.h = ..\..\Include\ogldev_backend.h
		..\..\Include\ogldev_basic_glfw_camera.h = ..\..\Include\ogldev_basic_glfw_camera.h
		..\..\Include\ogldev_basic_lighting.h = ..\..\Include\ogldev_basic_lighting.h
		..\..\Include\ogldev_basic_mesh.h = ..\..\Include\ogldev_basic_mesh.h
		..\..\Include\ogldev_callbacks.h = ..\..\Include\ogldev_callbacks.h
		..\..\Include\ogldev_camera.h = ..\..\Include\ogldev_camera.h
		..\..\Include\ogldev_cubemap_texture.h = ..\..\Include\ogldev_cubemap_texture.h
		..\..\Include\ogldev_engine_common.h = ..\..\Include\ogldev_engine_common.h
		..\..\Include\ogldev_flat_passthru_technique.h = ..\..\Include\ogldev_flat_passthru_technique.h
		..\..\Include\ogldev_forward_lighting.h = ..\..\Include\ogldev_forward_lighting.h
		..\..\Include\ogldev_forward_renderer.h = ..\..\Include\ogldev_forward_renderer.h
		..\..\Include\ogldev_forward_skinning.h = ..\..\Include\ogldev_forward_skinning.h
		..\..\Include\ogldev_glfw.h = ..\..\Include\ogldev_glfw.h
		..\..\Include\ogldev_glfw_backend.h = ..\..\Include\ogldev_glfw_backend.h
		..\..\Include\ogldev_glut_backend.h = ..\..\Include\ogldev_glut_backend.h
		..\..\Include\ogldev_io_buffer.h = ..\..\Include\ogldev_io_buffer.h
		..\..\Include\ogldev_keys.h = ..\..\Include\ogldev_keys.h
		..\..\Include\ogldev_lights_common.h = ..\..\Include\ogldev_lights_common.h
		..\..\Include\ogldev_material.h = ..\..\Include\ogldev_material.h
		..\..\Include\ogldev_math_3d.h = ..\..\Include\ogldev_math_3d.h
		..\..\Include\ogldev_mesh_common.h = ..\..\Include\ogldev_mesh_common.h
		..\..\Include\ogldev_new_lighting.h = ..\..\Include\ogldev_new_lighting.h
		..\..\Include\ogldev_phong_renderer.h = ..\..\Include\ogldev_phong_renderer.h
		..\..\Include\ogldev_pipeline.h = ..\..\Include\ogldev_pipeline.h
		..\..\Include\ogldev_random_texture.h = ..\..\Include\ogldev_random_texture.h
		..\..\Include\ogldev_rendering_subsystem.h = ..\..\Include\ogldev_rendering_subsystem.h
		..\..\Include\ogldev_rendering_subsystem_gl.h = ..\..\Include\ogldev_rendering_subsystem_gl.h
		..\..\Include\ogldev_shadow_cube_map_fbo.h = ..\..\Include\ogldev_shadow_cube_map_fbo.h
		..\..\Include\ogldev_shadow_mapping_technique.h = ..\..\Include\ogldev_shadow_mapping_technique.h
		..\..\Include\ogldev_shadow_mapping_technique_point_light.h = ..\..\Include\ogldev_shadow_mapping_technique_point_light.h
		..\..\Include\ogldev_shadow_map_fbo.h = ..\..\Include\ogldev_shadow_map_fbo.h
		..\..\Include\ogldev_shadow_map_offset_texture.h = ..\..\Include\ogldev_shadow_map_offset_texture.h
		..\..\Include\ogldev_skinned_mesh.h = ..\..\Include\ogldev_skinned_mesh.h
		..\..\Include\ogldev_skinning_technique.h = ..\..\Include\ogldev_skinning_technique.h
		..\..\Include\ogldev_skybox.h = ..\..\Include\ogldev_skybox.h
		..\..\Include\ogldev_skybox_technique.h = ..\..\Include\ogldev_skybox_technique.h
		..\..\Include\ogldev_skydome.h = ..\..\Include\ogldev_skydome.h
		..\..\Include\ogldev_skydome_technique.h = ..\..\Include\ogldev_skydome_technique.h
		..\..\Include\ogldev_sprite_technique.h = ..\..\Include\ogldev_sprite_technique.h
		..\..\Include\ogldev_texture.h = ..\..\Include\ogldev_texture.h
		..\..\Include\ogldev_tex_technique.h = ..\..\Include\ogldev_tex_technique.h
		..\..\Include\ogldev_types.h = ..\..\Include\ogldev_types.h
		..\..\Include\ogldev_util.h = ..\..\Include\ogldev_util.h
		..\..\Include\ogldev_vulkan.h = ..\..\Include\ogldev_vulkan.h
		..\..\Include\ogldev_vulkan_core.h = ..\..\Include\ogldev_vulkan_core.h
		..\..\Include\ogldev_win32_control.h = ..\..\Include\ogldev_win32_control.h
		..\..\Include\ogldev_world_transform.h = ..\..\Include\ogldev_world_transform.h
		..\..\Include\ogldev_xcb_control.h = ..\..\Include\ogldev_xcb_control.h
		..\..\Include\technique.h = ..\..\Include\technique.h
	EndProjectSection
EndProject
Project("{8BC9CEB8-8B4A-11D0-8D11-00A0C91BC942}") = "Tutorial22", "Tutorial22\Tutorial22.vcxproj", "{2FA16C92-5F8D-4031-8506-5DC8C1FAEC3B}"
EndProject
Project("{8BC9CEB8-8B4A-11D0-8D11-00A0C91BC942}") = "Tutorial23", "Tutorial23\Tutorial23.vcxproj", "{A41C1719-A18F-4507-ABDB-D2A06BB2513B}"
EndProject
Project("{8BC9CEB8-8B4A-11D0-8D11-00A0C91BC942}") = "Tutorial24", "Tutorial24\Tutorial24.vcxproj", "{D2C43B11-48CD-4C46-95E0-EACAC611186A}"
EndProject
Project("{8BC9CEB8-8B4A-11D0-8D11-00A0C91BC942}") = "Tutorial25_assimp_sandbox", "Tutorial25_assimp_sandbox\Tutorial25_assimp_sandbox.vcxproj", "{6C1BE64C-7F8F-4DF9-8767-AFE28F5CB39E}"
EndProject
Project("{8BC9CEB8-8B4A-11D0-8D11-00A0C91BC942}") = "Tutorial25", "Tutorial25\Tutorial25.vcxproj", "{3511BE6E-7791-4CCD-97BA-BF18B9A16C6C}"
EndProject
Project("{8BC9CEB8-8B4A-11D0-8D11-00A0C91BC942}") = "Tutorial26", "Tutorial26\Tutorial26.vcxproj", "{8BA47E76-989B-4FFA-B572-1E1D69E320D0}"
EndProject
Project("{8BC9CEB8-8B4A-11D0-8D11-00A0C91BC942}") = "Tutorial27", "Tutorial27\Tutorial27.vcxproj", "{DD24827E-8432-4844-80FE-B19A10569C43}"
EndProject
Project("{8BC9CEB8-8B4A-11D0-8D11-00A0C91BC942}") = "Tutorial28", "Tutorial28\Tutorial28.vcxproj", "{81DB1105-B645-44CD-8859-A027B952E567}"
EndProject
Project("{2150E333-8FDC-42A3-9474-1A3956D46DE8}") = "3rdparty", "3rdparty", "{41A0EE6E-7F4F-4650-B76B-3024308136F3}"
	ProjectSection(SolutionItems) = preProject
		..\..\Include\3rdparty\stb_image.h = ..\..\Include\3rdparty\stb_image.h
		..\..\Include\3rdparty\stb_image_write.h = ..\..\Include\3rdparty\stb_image_write.h
	EndProjectSection
EndProject
Project("{8BC9CEB8-8B4A-11D0-8D11-00A0C91BC942}") = "Tessellation1", "Tessellation1\Tessellation1.vcxproj", "{49B9E66B-BE50-4137-897C-97793280735F}"
EndProject
Project("{8BC9CEB8-8B4A-11D0-8D11-00A0C91BC942}") = "Tessellation2", "Tessellation2\Tessellation2.vcxproj", "{8B19DAE8-A479-4205-B185-122794736B3B}"
EndProject
Project("{8BC9CEB8-8B4A-11D0-8D11-00A0C91BC942}") = "Tutorial29", "Tutorial30\Tutorial30.vcxproj", "{369B38BC-3A9B-40E4-A24F-75265E574EE2}"
EndProject
Project("{8BC9CEB8-8B4A-11D0-8D11-00A0C91BC942}") = "Tutorial31", "Tutorial31\Tutorial31.vcxproj", "{7887096A-82A0-485A-A137-B4FD06CC0548}"
EndProject
Project("{8BC9CEB8-8B4A-11D0-8D11-00A0C91BC942}") = "Tutorial32", "Tutorial32\Tutorial32.vcxproj", "{905B0D85-B00D-42B5-B40E-BEC17188E053}"
EndProject
Project("{8BC9CEB8-8B4A-11D0-8D11-00A0C91BC942}") = "Tutorial33", "Tutorial33\Tutorial33.vcxproj", "{D0095B63-1959-49A8-875C-D3773C463621}"
EndProject
Project("{2150E333-8FDC-42A3-9474-1A3956D46DE8}") = "Shaders", "Shaders", "{2CAB346B-6660-46F9-91AB-2CC238300A31}"
	ProjectSection(SolutionItems) = preProject
		..\..\Common\Shaders\basic_lighting.fs = ..\..\Common\Shaders\basic_lighting.fs
		..\..\Common\Shaders\basic_lighting.vs = ..\..\Common\Shaders\basic_lighting.vs
		..\..\Common\Shaders\empty.fs = ..\..\Common\Shaders\empty.fs
		..\..\Common\Shaders\flat_passthru.fs = ..\..\Common\Shaders\flat_passthru.fs
		..\..\Common\Shaders\flat_passthru.vs = ..\..\Common\Shaders\flat_passthru.vs
		..\..\Common\Shaders\forward_lighting.fs = ..\..\Common\Shaders\forward_lighting.fs
		..\..\Common\Shaders\forward_lighting.vs = ..\..\Common\Shaders\forward_lighting.vs
		..\..\Common\Shaders\forward_skinning.vs = ..\..\Common\Shaders\forward_skinning.vs
		..\..\Common\Shaders\lighting_new.fs = ..\..\Common\Shaders\lighting_new.fs
		..\..\Common\Shaders\lighting_new.vs = ..\..\Common\Shaders\lighting_new.vs
		..\..\Common\Shaders\shadow_map.vs = ..\..\Common\Shaders\shadow_map.vs
		..\..\Common\Shaders\shadow_map_point_light.fs = ..\..\Common\Shaders\shadow_map_point_light.fs
		..\..\Common\Shaders\shadow_map_point_light.vs = ..\..\Common\Shaders\shadow_map_point_light.vs
		..\..\Common\Shaders\skinning.vs = ..\..\Common\Shaders\skinning.vs
		..\..\Common\Shaders\skybox.fs = ..\..\Common\Shaders\skybox.fs
		..\..\Common\Shaders\skybox.vs = ..\..\Common\Shaders\skybox.vs
		..\..\Common\Shaders\skydome.fs = ..\..\Common\Shaders\skydome.fs
		..\..\Common\Shaders\skydome.vs = ..\..\Common\Shaders\skydome.vs
		..\..\Common\Shaders\sprite.fs = ..\..\Common\Shaders\sprite.fs
		..\..\Common\Shaders\sprite.vs = ..\..\Common\Shaders\sprite.vs
		..\..\Common\Shaders\tex.fs = ..\..\Common\Shaders\tex.fs
		..\..\Common\Shaders\tex.vs = ..\..\Common\Shaders\tex.vs
	EndProjectSection
EndProject
Project("{8BC9CEB8-8B4A-11D0-8D11-00A0C91BC942}") = "Tutorial34", "Tutorial34\Tutorial34.vcxproj", "{1262B432-20E9-4732-8131-C12158999402}"
EndProject
Project("{8BC9CEB8-8B4A-11D0-8D11-00A0C91BC942}") = "Tutorial35", "Tutorial35\Tutorial35.vcxproj", "{3A97ECEA-0AE3-40B5-BB73-0874F5F9516B}"
EndProject
Project("{2150E333-8FDC-42A3-9474-1A3956D46DE8}") = "Solution Items", "Solution Items", "{BEAAE132-BB88-4790-82B4-5A7A0C69980C}"
EndProject
Project("{8BC9CEB8-8B4A-11D0-8D11-00A0C91BC942}") = "Tutorial36", "Tutorial36\Tutorial36.vcxproj", "{50449426-0E07-4D4A-B7EC-366B8D1A8503}"
EndProject
Project("{8BC9CEB8-8B4A-11D0-8D11-00A0C91BC942}") = "Tutorial37", "Tutorial37\Tutorial37.vcxproj", "{118F84E3-475E-45BB-8F8D-51C1CB03BCEE}"
EndProject
Project("{8BC9CEB8-8B4A-11D0-8D11-00A0C91BC942}") = "Tutorial38", "Tutorial38\Tutorial38.vcxproj", "{0D237F28-EA59-4308-9330-50650B015A07}"
EndProject
Project("{8BC9CEB8-8B4A-11D0-8D11-00A0C91BC942}") = "Tutorial39", "Tutorial39\Tutorial39.vcxproj", "{F0B17728-0597-4364-9A6C-1F6AF645F9F9}"
EndProject
Project("{8BC9CEB8-8B4A-11D0-8D11-00A0C91BC942}") = "Tutorial40", "Tutorial40\Tutorial40.vcxproj", "{7EA10199-138D-4F8B-AFCF-F5E1B97C466A}"
EndProject
Project("{8BC9CEB8-8B4A-11D0-8D11-00A0C91BC942}") = "Tutorial41", "Tutorial41\Tutorial41.vcxproj", "{CC9FC32C-1FCB-4C5C-A049-87E67BC81BD8}"
EndProject
Project("{8BC9CEB8-8B4A-11D0-8D11-00A0C91BC942}") = "Tutorial42", "Tutorial42\Tutorial42.vcxproj", "{4ABDE0AF-E754-472C-B941-A1A3D4FD3E74}"
EndProject
Project("{8BC9CEB8-8B4A-11D0-8D11-00A0C91BC942}") = "Tutorial43", "Tutorial43\Tutorial43.vcxproj", "{E7CFBDC2-43C5-4B0D-B5CF-BA54EA12BA79}"
EndProject
Project("{2150E333-8FDC-42A3-9474-1A3956D46DE8}") = "TerrainRendering", "TerrainRendering", "{ACA68C35-1336-405A-85F8-EA7D433F6478}"
EndProject
Project("{8BC9CEB8-8B4A-11D0-8D11-00A0C91BC942}") = "Terrain1", "Terrain1\Terrain1.vcxproj", "{66919A9A-AF4D-4169-B514-5CA3183A565A}"
EndProject
Project("{2150E333-8FDC-42A3-9474-1A3956D46DE8}") = "Common", "Common", "{F6553386-4E78-450B-A98D-D17DE590F6AB}"
	ProjectSection(SolutionItems) = preProject
		..\..\Common\camera.cpp = ..\..\Common\camera.cpp
		..\..\Common\cubemap_texture.cpp = ..\..\Common\cubemap_texture.cpp
		..\..\Common\glut_backend.cpp = ..\..\Common\glut_backend.cpp
		..\..\Common\io_buffer.cpp = ..\..\Common\io_buffer.cpp
		..\..\Common\math_3d.cpp = ..\..\Common\math_3d.cpp
		..\..\Common\ogldev_all.cpp = ..\..\Common\ogldev_all.cpp
		..\..\Common\ogldev_app.cpp = ..\..\Common\ogldev_app.cpp
		..\..\Common\ogldev_atb.cpp = ..\..\Common\ogldev_atb.cpp
		..\..\Common\ogldev_backend.cpp = ..\..\Common\ogldev_backend.cpp
		..\..\Common\ogldev_basic_glfw_camera.cpp = ..\..\Common\ogldev_basic_glfw_camera.cpp
		..\..\Common\ogldev_basic_lighting.cpp = ..\..\Common\ogldev_basic_lighting.cpp
		..\..\Common\ogldev_basic_mesh.cpp = ..\..\Common\ogldev_basic_mesh.cpp
		..\..\Common\ogldev_flat_passthru_technique.cpp = ..\..\Common\ogldev_flat_passthru_technique.cpp
		..\..\Common\ogldev_forward_lighting.cpp = ..\..\Common\ogldev_forward_lighting.cpp
		..\..\Common\ogldev_forward_renderer.cpp = ..\..\Common\ogldev_forward_renderer.cpp
		..\..\Common\ogldev_forward_skinning.cpp = ..\..\Common\ogldev_forward_skinning.cpp
		..\..\Common\ogldev_glfw.cpp = ..\..\Common\ogldev_glfw.cpp
		..\..\Common\ogldev_glfw_backend.cpp = ..\..\Common\ogldev_glfw_backend.cpp
		..\..\Common\ogldev_new_lighting.cpp = ..\..\Common\ogldev_new_lighting.cpp
		..\..\Common\ogldev_phong_renderer.cpp = ..\..\Common\ogldev_phong_renderer.cpp
		..\..\Common\ogldev_rendering_subsystem.cpp = ..\..\Common\ogldev_rendering_subsystem.cpp
		..\..\Common\ogldev_rendering_subsystem_gl.cpp = ..\..\Common\ogldev_rendering_subsystem_gl.cpp
		..\..\Common\ogldev_shadow_cube_map_fbo.cpp = ..\..\Common\ogldev_shadow_cube_map_fbo.cpp
		..\..\Common\ogldev_shadow_mapping_technique.cpp = ..\..\Common\ogldev_shadow_mapping_technique.cpp
		..\..\Common\ogldev_shadow_mapping_technique_point_light.cpp = ..\..\Common\ogldev_shadow_mapping_technique_point_light.cpp
		..\..\Common\ogldev_shadow_map_fbo.cpp = ..\..\Common\ogldev_shadow_map_fbo.cpp
		..\..\Common\ogldev_shadow_map_offset_texture.cpp = ..\..\Common\ogldev_shadow_map_offset_texture.cpp
		..\..\Common\ogldev_skinned_mesh.cpp = ..\..\Common\ogldev_skinned_mesh.cpp
		..\..\Common\ogldev_skinning_technique.cpp = ..\..\Common\ogldev_skinning_technique.cpp
		..\..\Common\ogldev_skybox.cpp = ..\..\Common\ogldev_skybox.cpp
		..\..\Common\ogldev_skybox_technique.cpp = ..\..\Common\ogldev_skybox_technique.cpp
		..\..\Common\ogldev_skydome.cpp = ..\..\Common\ogldev_skydome.cpp
		..\..\Common\ogldev_skydome_technique.cpp = ..\..\Common\ogldev_skydome_technique.cpp
		..\..\Common\ogldev_sprite_technique.cpp = ..\..\Common\ogldev_sprite_technique.cpp
		..\..\Common\ogldev_stb_image.cpp = ..\..\Common\ogldev_stb_image.cpp
		..\..\Common\ogldev_texture.cpp = ..\..\Common\ogldev_texture.cpp
		..\..\Common\ogldev_tex_technique.cpp = ..\..\Common\ogldev_tex_technique.cpp
		..\..\Common\ogldev_util.cpp = ..\..\Common\ogldev_util.cpp
		..\..\Common\ogldev_vulkan.cpp = ..\..\Common\ogldev_vulkan.cpp
		..\..\Common\ogldev_vulkan_core.cpp = ..\..\Common\ogldev_vulkan_core.cpp
		..\..\Common\ogldev_win32_control.cpp = ..\..\Common\ogldev_win32_control.cpp
		..\..\Common\ogldev_world_transform.cpp = ..\..\Common\ogldev_world_transform.cpp
		..\..\Common\ogldev_xcb_control.cpp = ..\..\Common\ogldev_xcb_control.cpp
		..\..\Common\pipeline.cpp = ..\..\Common\pipeline.cpp
		..\..\Common\random_texture.cpp = ..\..\Common\random_texture.cpp
		..\..\Common\technique.cpp = ..\..\Common\technique.cpp
	EndProjectSection
EndProject
Project("{8BC9CEB8-8B4A-11D0-8D11-00A0C91BC942}") = "Terrain2", "Terrain2\Terrain2.vcxproj", "{99087CF3-5756-4535-B1A4-2E2D0DFF54E7}"
EndProject
Project("{8BC9CEB8-8B4A-11D0-8D11-00A0C91BC942}") = "Terrain3", "Terrain3\Terrain3.vcxproj", "{323C0C1A-1DB1-46F3-95ED-382CB51965F2}"
EndProject
Project("{8BC9CEB8-8B4A-11D0-8D11-00A0C91BC942}") = "Terrain4", "Terrain4\Terrain4.vcxproj", "{12F52B93-9AA2-4194-BC54-50064EB6A66B}"
EndProject
Project("{8BC9CEB8-8B4A-11D0-8D11-00A0C91BC942}") = "Terrain5", "Terrain5\Terrain5.vcxproj", "{9A399A55-990C-417F-B558-4A9DDFAE71A8}"
EndProject
Project("{8BC9CEB8-8B4A-11D0-8D11-00A0C91BC942}") = "Terrain5.1", "Terrain5.1\Terrain5.1.vcxproj", "{C368E117-F7A7-46B7-B77F-2C5BC10B75AC}"
EndProject
Project("{8BC9CEB8-8B4A-11D0-8D11-00A0C91BC942}") = "Terrain6", "Terrain6\Terrain6.vcxproj", "{6B8A5879-9F19-4821-8A8A-511A0C646081}"
EndProject
Global
	GlobalSection(SolutionConfigurationPlatforms) = preSolution
		Debug|x64 = Debug|x64
		Debug|x86 = Debug|x86
		Release|x64 = Release|x64
		Release|x86 = Release|x86
	EndGlobalSection
	GlobalSection(ProjectConfigurationPlatforms) = postSolution
		{0FD6DB85-049D-4E43-8F50-369A91E5DB31}.Debug|x64.ActiveCfg = Debug|x64
		{0FD6DB85-049D-4E43-8F50-369A91E5DB31}.Debug|x64.Build.0 = Debug|x64
		{0FD6DB85-049D-4E43-8F50-369A91E5DB31}.Debug|x86.ActiveCfg = Debug|Win32
		{0FD6DB85-049D-4E43-8F50-369A91E5DB31}.Debug|x86.Build.0 = Debug|Win32
		{0FD6DB85-049D-4E43-8F50-369A91E5DB31}.Release|x64.ActiveCfg = Release|x64
		{0FD6DB85-049D-4E43-8F50-369A91E5DB31}.Release|x64.Build.0 = Release|x64
		{0FD6DB85-049D-4E43-8F50-369A91E5DB31}.Release|x86.ActiveCfg = Release|Win32
		{0FD6DB85-049D-4E43-8F50-369A91E5DB31}.Release|x86.Build.0 = Release|Win32
		{518D3B5E-B8C0-421B-8C3C-68BB70A1BCE7}.Debug|x64.ActiveCfg = Debug|x64
		{518D3B5E-B8C0-421B-8C3C-68BB70A1BCE7}.Debug|x64.Build.0 = Debug|x64
		{518D3B5E-B8C0-421B-8C3C-68BB70A1BCE7}.Debug|x86.ActiveCfg = Debug|Win32
		{518D3B5E-B8C0-421B-8C3C-68BB70A1BCE7}.Debug|x86.Build.0 = Debug|Win32
		{518D3B5E-B8C0-421B-8C3C-68BB70A1BCE7}.Release|x64.ActiveCfg = Release|x64
		{518D3B5E-B8C0-421B-8C3C-68BB70A1BCE7}.Release|x64.Build.0 = Release|x64
		{518D3B5E-B8C0-421B-8C3C-68BB70A1BCE7}.Release|x86.ActiveCfg = Release|Win32
		{518D3B5E-B8C0-421B-8C3C-68BB70A1BCE7}.Release|x86.Build.0 = Release|Win32
		{77021C0F-1760-44F0-BB83-6CF85A0D2251}.Debug|x64.ActiveCfg = Debug|x64
		{77021C0F-1760-44F0-BB83-6CF85A0D2251}.Debug|x64.Build.0 = Debug|x64
		{77021C0F-1760-44F0-BB83-6CF85A0D2251}.Debug|x86.ActiveCfg = Debug|Win32
		{77021C0F-1760-44F0-BB83-6CF85A0D2251}.Debug|x86.Build.0 = Debug|Win32
		{77021C0F-1760-44F0-BB83-6CF85A0D2251}.Release|x64.ActiveCfg = Release|x64
		{77021C0F-1760-44F0-BB83-6CF85A0D2251}.Release|x64.Build.0 = Release|x64
		{77021C0F-1760-44F0-BB83-6CF85A0D2251}.Release|x86.ActiveCfg = Release|Win32
		{77021C0F-1760-44F0-BB83-6CF85A0D2251}.Release|x86.Build.0 = Release|Win32
		{70044A5A-87F2-484E-BDCD-E2CA572083E7}.Debug|x64.ActiveCfg = Debug|x64
		{70044A5A-87F2-484E-BDCD-E2CA572083E7}.Debug|x64.Build.0 = Debug|x64
		{70044A5A-87F2-484E-BDCD-E2CA572083E7}.Debug|x86.ActiveCfg = Debug|Win32
		{70044A5A-87F2-484E-BDCD-E2CA572083E7}.Debug|x86.Build.0 = Debug|Win32
		{70044A5A-87F2-484E-BDCD-E2CA572083E7}.Release|x64.ActiveCfg = Release|x64
		{70044A5A-87F2-484E-BDCD-E2CA572083E7}.Release|x64.Build.0 = Release|x64
		{70044A5A-87F2-484E-BDCD-E2CA572083E7}.Release|x86.ActiveCfg = Release|Win32
		{70044A5A-87F2-484E-BDCD-E2CA572083E7}.Release|x86.Build.0 = Release|Win32
		{EB4F0585-57E8-465B-B373-D4FAC0A9F87B}.Debug|x64.ActiveCfg = Debug|x64
		{EB4F0585-57E8-465B-B373-D4FAC0A9F87B}.Debug|x64.Build.0 = Debug|x64
		{EB4F0585-57E8-465B-B373-D4FAC0A9F87B}.Debug|x86.ActiveCfg = Debug|Win32
		{EB4F0585-57E8-465B-B373-D4FAC0A9F87B}.Debug|x86.Build.0 = Debug|Win32
		{EB4F0585-57E8-465B-B373-D4FAC0A9F87B}.Release|x64.ActiveCfg = Release|x64
		{EB4F0585-57E8-465B-B373-D4FAC0A9F87B}.Release|x64.Build.0 = Release|x64
		{EB4F0585-57E8-465B-B373-D4FAC0A9F87B}.Release|x86.ActiveCfg = Release|Win32
		{EB4F0585-57E8-465B-B373-D4FAC0A9F87B}.Release|x86.Build.0 = Release|Win32
		{A85A448D-839A-4DAF-9579-FEB93B198345}.Debug|x64.ActiveCfg = Debug|x64
		{A85A448D-839A-4DAF-9579-FEB93B198345}.Debug|x64.Build.0 = Debug|x64
		{A85A448D-839A-4DAF-9579-FEB93B198345}.Debug|x86.ActiveCfg = Debug|Win32
		{A85A448D-839A-4DAF-9579-FEB93B198345}.Debug|x86.Build.0 = Debug|Win32
		{A85A448D-839A-4DAF-9579-FEB93B198345}.Release|x64.ActiveCfg = Release|x64
		{A85A448D-839A-4DAF-9579-FEB93B198345}.Release|x64.Build.0 = Release|x64
		{A85A448D-839A-4DAF-9579-FEB93B198345}.Release|x86.ActiveCfg = Release|Win32
		{A85A448D-839A-4DAF-9579-FEB93B198345}.Release|x86.Build.0 = Release|Win32
		{2CE25B39-C3E1-4D7C-8092-EEE554D41935}.Debug|x64.ActiveCfg = Debug|x64
		{2CE25B39-C3E1-4D7C-8092-EEE554D41935}.Debug|x64.Build.0 = Debug|x64
		{2CE25B39-C3E1-4D7C-8092-EEE554D41935}.Debug|x86.ActiveCfg = Debug|Win32
		{2CE25B39-C3E1-4D7C-8092-EEE554D41935}.Debug|x86.Build.0 = Debug|Win32
		{2CE25B39-C3E1-4D7C-8092-EEE554D41935}.Release|x64.ActiveCfg = Release|x64
		{2CE25B39-C3E1-4D7C-8092-EEE554D41935}.Release|x64.Build.0 = Release|x64
		{2CE25B39-C3E1-4D7C-8092-EEE554D41935}.Release|x86.ActiveCfg = Release|Win32
		{2CE25B39-C3E1-4D7C-8092-EEE554D41935}.Release|x86.Build.0 = Release|Win32
		{79D9962C-A9F1-4A2F-9C0A-E5C488E214E4}.Debug|x64.ActiveCfg = Debug|x64
		{79D9962C-A9F1-4A2F-9C0A-E5C488E214E4}.Debug|x64.Build.0 = Debug|x64
		{79D9962C-A9F1-4A2F-9C0A-E5C488E214E4}.Debug|x86.ActiveCfg = Debug|Win32
		{79D9962C-A9F1-4A2F-9C0A-E5C488E214E4}.Debug|x86.Build.0 = Debug|Win32
		{79D9962C-A9F1-4A2F-9C0A-E5C488E214E4}.Release|x64.ActiveCfg = Release|x64
		{79D9962C-A9F1-4A2F-9C0A-E5C488E214E4}.Release|x64.Build.0 = Release|x64
		{79D9962C-A9F1-4A2F-9C0A-E5C488E214E4}.Release|x86.ActiveCfg = Release|Win32
		{79D9962C-A9F1-4A2F-9C0A-E5C488E214E4}.Release|x86.Build.0 = Release|Win32
		{E24C0411-F5EC-4854-B836-71A637B69B17}.Debug|x64.ActiveCfg = Debug|x64
		{E24C0411-F5EC-4854-B836-71A637B69B17}.Debug|x64.Build.0 = Debug|x64
		{E24C0411-F5EC-4854-B836-71A637B69B17}.Debug|x86.ActiveCfg = Debug|Win32
		{E24C0411-F5EC-4854-B836-71A637B69B17}.Debug|x86.Build.0 = Debug|Win32
		{E24C0411-F5EC-4854-B836-71A637B69B17}.Release|x64.ActiveCfg = Release|x64
		{E24C0411-F5EC-4854-B836-71A637B69B17}.Release|x64.Build.0 = Release|x64
		{E24C0411-F5EC-4854-B836-71A637B69B17}.Release|x86.ActiveCfg = Release|Win32
		{E24C0411-F5EC-4854-B836-71A637B69B17}.Release|x86.Build.0 = Release|Win32
		{8362F672-8200-433D-A4A4-34D6D3F90E74}.Debug|x64.ActiveCfg = Debug|x64
		{8362F672-8200-433D-A4A4-34D6D3F90E74}.Debug|x64.Build.0 = Debug|x64
		{8362F672-8200-433D-A4A4-34D6D3F90E74}.Debug|x86.ActiveCfg = Debug|Win32
		{8362F672-8200-433D-A4A4-34D6D3F90E74}.Debug|x86.Build.0 = Debug|Win32
		{8362F672-8200-433D-A4A4-34D6D3F90E74}.Release|x64.ActiveCfg = Release|x64
		{8362F672-8200-433D-A4A4-34D6D3F90E74}.Release|x64.Build.0 = Release|x64
		{8362F672-8200-433D-A4A4-34D6D3F90E74}.Release|x86.ActiveCfg = Release|Win32
		{8362F672-8200-433D-A4A4-34D6D3F90E74}.Release|x86.Build.0 = Release|Win32
		{85B9081D-B624-4429-98ED-40F819A89541}.Debug|x64.ActiveCfg = Debug|x64
		{85B9081D-B624-4429-98ED-40F819A89541}.Debug|x64.Build.0 = Debug|x64
		{85B9081D-B624-4429-98ED-40F819A89541}.Debug|x86.ActiveCfg = Debug|Win32
		{85B9081D-B624-4429-98ED-40F819A89541}.Debug|x86.Build.0 = Debug|Win32
		{85B9081D-B624-4429-98ED-40F819A89541}.Release|x64.ActiveCfg = Release|x64
		{85B9081D-B624-4429-98ED-40F819A89541}.Release|x64.Build.0 = Release|x64
		{85B9081D-B624-4429-98ED-40F819A89541}.Release|x86.ActiveCfg = Release|Win32
		{85B9081D-B624-4429-98ED-40F819A89541}.Release|x86.Build.0 = Release|Win32
		{361E414D-FE1B-406A-A6E4-F046F4761A90}.Debug|x64.ActiveCfg = Debug|x64
		{361E414D-FE1B-406A-A6E4-F046F4761A90}.Debug|x64.Build.0 = Debug|x64
		{361E414D-FE1B-406A-A6E4-F046F4761A90}.Debug|x86.ActiveCfg = Debug|Win32
		{361E414D-FE1B-406A-A6E4-F046F4761A90}.Debug|x86.Build.0 = Debug|Win32
		{361E414D-FE1B-406A-A6E4-F046F4761A90}.Release|x64.ActiveCfg = Release|x64
		{361E414D-FE1B-406A-A6E4-F046F4761A90}.Release|x64.Build.0 = Release|x64
		{361E414D-FE1B-406A-A6E4-F046F4761A90}.Release|x86.ActiveCfg = Release|Win32
		{361E414D-FE1B-406A-A6E4-F046F4761A90}.Release|x86.Build.0 = Release|Win32
		{1176A7B7-93F5-4B6F-BCB7-7517CC92DFCA}.Debug|x64.ActiveCfg = Debug|x64
		{1176A7B7-93F5-4B6F-BCB7-7517CC92DFCA}.Debug|x64.Build.0 = Debug|x64
		{1176A7B7-93F5-4B6F-BCB7-7517CC92DFCA}.Debug|x86.ActiveCfg = Debug|Win32
		{1176A7B7-93F5-4B6F-BCB7-7517CC92DFCA}.Debug|x86.Build.0 = Debug|Win32
		{1176A7B7-93F5-4B6F-BCB7-7517CC92DFCA}.Release|x64.ActiveCfg = Release|x64
		{1176A7B7-93F5-4B6F-BCB7-7517CC92DFCA}.Release|x64.Build.0 = Release|x64
		{1176A7B7-93F5-4B6F-BCB7-7517CC92DFCA}.Release|x86.ActiveCfg = Release|Win32
		{1176A7B7-93F5-4B6F-BCB7-7517CC92DFCA}.Release|x86.Build.0 = Release|Win32
		{050D33E4-33DF-4635-BB55-9D968259A46A}.Debug|x64.ActiveCfg = Debug|x64
		{050D33E4-33DF-4635-BB55-9D968259A46A}.Debug|x64.Build.0 = Debug|x64
		{050D33E4-33DF-4635-BB55-9D968259A46A}.Debug|x86.ActiveCfg = Debug|Win32
		{050D33E4-33DF-4635-BB55-9D968259A46A}.Debug|x86.Build.0 = Debug|Win32
		{050D33E4-33DF-4635-BB55-9D968259A46A}.Release|x64.ActiveCfg = Release|x64
		{050D33E4-33DF-4635-BB55-9D968259A46A}.Release|x64.Build.0 = Release|x64
		{050D33E4-33DF-4635-BB55-9D968259A46A}.Release|x86.ActiveCfg = Release|Win32
		{050D33E4-33DF-4635-BB55-9D968259A46A}.Release|x86.Build.0 = Release|Win32
		{557323B9-85F8-45DF-B78F-D89406D59464}.Debug|x64.ActiveCfg = Debug|x64
		{557323B9-85F8-45DF-B78F-D89406D59464}.Debug|x64.Build.0 = Debug|x64
		{557323B9-85F8-45DF-B78F-D89406D59464}.Debug|x86.ActiveCfg = Debug|Win32
		{557323B9-85F8-45DF-B78F-D89406D59464}.Debug|x86.Build.0 = Debug|Win32
		{557323B9-85F8-45DF-B78F-D89406D59464}.Release|x64.ActiveCfg = Release|x64
		{557323B9-85F8-45DF-B78F-D89406D59464}.Release|x64.Build.0 = Release|x64
		{557323B9-85F8-45DF-B78F-D89406D59464}.Release|x86.ActiveCfg = Release|Win32
		{557323B9-85F8-45DF-B78F-D89406D59464}.Release|x86.Build.0 = Release|Win32
		{7223D5B2-3FDE-417B-BF9E-3E467D1D9FA5}.Debug|x64.ActiveCfg = Debug|x64
		{7223D5B2-3FDE-417B-BF9E-3E467D1D9FA5}.Debug|x64.Build.0 = Debug|x64
		{7223D5B2-3FDE-417B-BF9E-3E467D1D9FA5}.Debug|x86.ActiveCfg = Debug|Win32
		{7223D5B2-3FDE-417B-BF9E-3E467D1D9FA5}.Debug|x86.Build.0 = Debug|Win32
		{7223D5B2-3FDE-417B-BF9E-3E467D1D9FA5}.Release|x64.ActiveCfg = Release|x64
		{7223D5B2-3FDE-417B-BF9E-3E467D1D9FA5}.Release|x64.Build.0 = Release|x64
		{7223D5B2-3FDE-417B-BF9E-3E467D1D9FA5}.Release|x86.ActiveCfg = Release|Win32
		{7223D5B2-3FDE-417B-BF9E-3E467D1D9FA5}.Release|x86.Build.0 = Release|Win32
		{32A9FC7F-FB44-4984-99FB-E768DD0779D9}.Debug|x64.ActiveCfg = Debug|x64
		{32A9FC7F-FB44-4984-99FB-E768DD0779D9}.Debug|x64.Build.0 = Debug|x64
		{32A9FC7F-FB44-4984-99FB-E768DD0779D9}.Debug|x86.ActiveCfg = Debug|Win32
		{32A9FC7F-FB44-4984-99FB-E768DD0779D9}.Debug|x86.Build.0 = Debug|Win32
		{32A9FC7F-FB44-4984-99FB-E768DD0779D9}.Release|x64.ActiveCfg = Release|x64
		{32A9FC7F-FB44-4984-99FB-E768DD0779D9}.Release|x64.Build.0 = Release|x64
		{32A9FC7F-FB44-4984-99FB-E768DD0779D9}.Release|x86.ActiveCfg = Release|Win32
		{32A9FC7F-FB44-4984-99FB-E768DD0779D9}.Release|x86.Build.0 = Release|Win32
		{95DAED2E-A907-4D44-8F0C-5A985491353F}.Debug|x64.ActiveCfg = Debug|x64
		{95DAED2E-A907-4D44-8F0C-5A985491353F}.Debug|x64.Build.0 = Debug|x64
		{95DAED2E-A907-4D44-8F0C-5A985491353F}.Debug|x86.ActiveCfg = Debug|Win32
		{95DAED2E-A907-4D44-8F0C-5A985491353F}.Debug|x86.Build.0 = Debug|Win32
		{95DAED2E-A907-4D44-8F0C-5A985491353F}.Release|x64.ActiveCfg = Release|x64
		{95DAED2E-A907-4D44-8F0C-5A985491353F}.Release|x64.Build.0 = Release|x64
		{95DAED2E-A907-4D44-8F0C-5A985491353F}.Release|x86.ActiveCfg = Release|Win32
		{95DAED2E-A907-4D44-8F0C-5A985491353F}.Release|x86.Build.0 = Release|Win32
		{D3CB3C43-18C2-47CD-87D0-72D1D280D408}.Debug|x64.ActiveCfg = Debug|x64
		{D3CB3C43-18C2-47CD-87D0-72D1D280D408}.Debug|x64.Build.0 = Debug|x64
		{D3CB3C43-18C2-47CD-87D0-72D1D280D408}.Debug|x86.ActiveCfg = Debug|Win32
		{D3CB3C43-18C2-47CD-87D0-72D1D280D408}.Debug|x86.Build.0 = Debug|Win32
		{D3CB3C43-18C2-47CD-87D0-72D1D280D408}.Release|x64.ActiveCfg = Release|x64
		{D3CB3C43-18C2-47CD-87D0-72D1D280D408}.Release|x64.Build.0 = Release|x64
		{D3CB3C43-18C2-47CD-87D0-72D1D280D408}.Release|x86.ActiveCfg = Release|Win32
		{D3CB3C43-18C2-47CD-87D0-72D1D280D408}.Release|x86.Build.0 = Release|Win32
		{34AC24B2-95A6-4F39-B643-6B6026D593D7}.Debug|x64.ActiveCfg = Debug|x64
		{34AC24B2-95A6-4F39-B643-6B6026D593D7}.Debug|x64.Build.0 = Debug|x64
		{34AC24B2-95A6-4F39-B643-6B6026D593D7}.Debug|x86.ActiveCfg = Debug|Win32
		{34AC24B2-95A6-4F39-B643-6B6026D593D7}.Debug|x86.Build.0 = Debug|Win32
		{34AC24B2-95A6-4F39-B643-6B6026D593D7}.Release|x64.ActiveCfg = Release|x64
		{34AC24B2-95A6-4F39-B643-6B6026D593D7}.Release|x64.Build.0 = Release|x64
		{34AC24B2-95A6-4F39-B643-6B6026D593D7}.Release|x86.ActiveCfg = Release|Win32
		{34AC24B2-95A6-4F39-B643-6B6026D593D7}.Release|x86.Build.0 = Release|Win32
		{88B3273E-DB0F-4211-9F31-D0EED48E0085}.Debug|x64.ActiveCfg = Debug|x64
		{88B3273E-DB0F-4211-9F31-D0EED48E0085}.Debug|x64.Build.0 = Debug|x64
		{88B3273E-DB0F-4211-9F31-D0EED48E0085}.Debug|x86.ActiveCfg = Debug|Win32
		{88B3273E-DB0F-4211-9F31-D0EED48E0085}.Debug|x86.Build.0 = Debug|Win32
		{88B3273E-DB0F-4211-9F31-D0EED48E0085}.Release|x64.ActiveCfg = Release|x64
		{88B3273E-DB0F-4211-9F31-D0EED48E0085}.Release|x64.Build.0 = Release|x64
		{88B3273E-DB0F-4211-9F31-D0EED48E0085}.Release|x86.ActiveCfg = Release|Win32
		{88B3273E-DB0F-4211-9F31-D0EED48E0085}.Release|x86.Build.0 = Release|Win32
		{2FA16C92-5F8D-4031-8506-5DC8C1FAEC3B}.Debug|x64.ActiveCfg = Debug|x64
		{2FA16C92-5F8D-4031-8506-5DC8C1FAEC3B}.Debug|x64.Build.0 = Debug|x64
		{2FA16C92-5F8D-4031-8506-5DC8C1FAEC3B}.Debug|x86.ActiveCfg = Debug|Win32
		{2FA16C92-5F8D-4031-8506-5DC8C1FAEC3B}.Debug|x86.Build.0 = Debug|Win32
		{2FA16C92-5F8D-4031-8506-5DC8C1FAEC3B}.Release|x64.ActiveCfg = Release|x64
		{2FA16C92-5F8D-4031-8506-5DC8C1FAEC3B}.Release|x64.Build.0 = Release|x64
		{2FA16C92-5F8D-4031-8506-5DC8C1FAEC3B}.Release|x86.ActiveCfg = Release|Win32
		{2FA16C92-5F8D-4031-8506-5DC8C1FAEC3B}.Release|x86.Build.0 = Release|Win32
		{A41C1719-A18F-4507-ABDB-D2A06BB2513B}.Debug|x64.ActiveCfg = Debug|x64
		{A41C1719-A18F-4507-ABDB-D2A06BB2513B}.Debug|x64.Build.0 = Debug|x64
		{A41C1719-A18F-4507-ABDB-D2A06BB2513B}.Debug|x86.ActiveCfg = Debug|Win32
		{A41C1719-A18F-4507-ABDB-D2A06BB2513B}.Debug|x86.Build.0 = Debug|Win32
		{A41C1719-A18F-4507-ABDB-D2A06BB2513B}.Release|x64.ActiveCfg = Release|x64
		{A41C1719-A18F-4507-ABDB-D2A06BB2513B}.Release|x64.Build.0 = Release|x64
		{A41C1719-A18F-4507-ABDB-D2A06BB2513B}.Release|x86.ActiveCfg = Release|Win32
		{A41C1719-A18F-4507-ABDB-D2A06BB2513B}.Release|x86.Build.0 = Release|Win32
		{D2C43B11-48CD-4C46-95E0-EACAC611186A}.Debug|x64.ActiveCfg = Debug|x64
		{D2C43B11-48CD-4C46-95E0-EACAC611186A}.Debug|x64.Build.0 = Debug|x64
		{D2C43B11-48CD-4C46-95E0-EACAC611186A}.Debug|x86.ActiveCfg = Debug|Win32
		{D2C43B11-48CD-4C46-95E0-EACAC611186A}.Debug|x86.Build.0 = Debug|Win32
		{D2C43B11-48CD-4C46-95E0-EACAC611186A}.Release|x64.ActiveCfg = Release|x64
		{D2C43B11-48CD-4C46-95E0-EACAC611186A}.Release|x64.Build.0 = Release|x64
		{D2C43B11-48CD-4C46-95E0-EACAC611186A}.Release|x86.ActiveCfg = Release|Win32
		{D2C43B11-48CD-4C46-95E0-EACAC611186A}.Release|x86.Build.0 = Release|Win32
		{6C1BE64C-7F8F-4DF9-8767-AFE28F5CB39E}.Debug|x64.ActiveCfg = Debug|x64
		{6C1BE64C-7F8F-4DF9-8767-AFE28F5CB39E}.Debug|x64.Build.0 = Debug|x64
		{6C1BE64C-7F8F-4DF9-8767-AFE28F5CB39E}.Debug|x86.ActiveCfg = Debug|Win32
		{6C1BE64C-7F8F-4DF9-8767-AFE28F5CB39E}.Debug|x86.Build.0 = Debug|Win32
		{6C1BE64C-7F8F-4DF9-8767-AFE28F5CB39E}.Release|x64.ActiveCfg = Release|x64
		{6C1BE64C-7F8F-4DF9-8767-AFE28F5CB39E}.Release|x64.Build.0 = Release|x64
		{6C1BE64C-7F8F-4DF9-8767-AFE28F5CB39E}.Release|x86.ActiveCfg = Release|Win32
		{6C1BE64C-7F8F-4DF9-8767-AFE28F5CB39E}.Release|x86.Build.0 = Release|Win32
		{3511BE6E-7791-4CCD-97BA-BF18B9A16C6C}.Debug|x64.ActiveCfg = Debug|x64
		{3511BE6E-7791-4CCD-97BA-BF18B9A16C6C}.Debug|x64.Build.0 = Debug|x64
		{3511BE6E-7791-4CCD-97BA-BF18B9A16C6C}.Debug|x86.ActiveCfg = Debug|Win32
		{3511BE6E-7791-4CCD-97BA-BF18B9A16C6C}.Debug|x86.Build.0 = Debug|Win32
		{3511BE6E-7791-4CCD-97BA-BF18B9A16C6C}.Release|x64.ActiveCfg = Release|x64
		{3511BE6E-7791-4CCD-97BA-BF18B9A16C6C}.Release|x64.Build.0 = Release|x64
		{3511BE6E-7791-4CCD-97BA-BF18B9A16C6C}.Release|x86.ActiveCfg = Release|Win32
		{3511BE6E-7791-4CCD-97BA-BF18B9A16C6C}.Release|x86.Build.0 = Release|Win32
		{8BA47E76-989B-4FFA-B572-1E1D69E320D0}.Debug|x64.ActiveCfg = Debug|x64
		{8BA47E76-989B-4FFA-B572-1E1D69E320D0}.Debug|x64.Build.0 = Debug|x64
		{8BA47E76-989B-4FFA-B572-1E1D69E320D0}.Debug|x86.ActiveCfg = Debug|Win32
		{8BA47E76-989B-4FFA-B572-1E1D69E320D0}.Debug|x86.Build.0 = Debug|Win32
		{8BA47E76-989B-4FFA-B572-1E1D69E320D0}.Release|x64.ActiveCfg = Release|x64
		{8BA47E76-989B-4FFA-B572-1E1D69E320D0}.Release|x64.Build.0 = Release|x64
		{8BA47E76-989B-4FFA-B572-1E1D69E320D0}.Release|x86.ActiveCfg = Release|Win32
		{8BA47E76-989B-4FFA-B572-1E1D69E320D0}.Release|x86.Build.0 = Release|Win32
		{DD24827E-8432-4844-80FE-B19A10569C43}.Debug|x64.ActiveCfg = Debug|x64
		{DD24827E-8432-4844-80FE-B19A10569C43}.Debug|x64.Build.0 = Debug|x64
		{DD24827E-8432-4844-80FE-B19A10569C43}.Debug|x86.ActiveCfg = Debug|Win32
		{DD24827E-8432-4844-80FE-B19A10569C43}.Debug|x86.Build.0 = Debug|Win32
		{DD24827E-8432-4844-80FE-B19A10569C43}.Release|x64.ActiveCfg = Release|x64
		{DD24827E-8432-4844-80FE-B19A10569C43}.Release|x64.Build.0 = Release|x64
		{DD24827E-8432-4844-80FE-B19A10569C43}.Release|x86.ActiveCfg = Release|Win32
		{DD24827E-8432-4844-80FE-B19A10569C43}.Release|x86.Build.0 = Release|Win32
		{81DB1105-B645-44CD-8859-A027B952E567}.Debug|x64.ActiveCfg = Debug|x64
		{81DB1105-B645-44CD-8859-A027B952E567}.Debug|x64.Build.0 = Debug|x64
		{81DB1105-B645-44CD-8859-A027B952E567}.Debug|x86.ActiveCfg = Debug|Win32
		{81DB1105-B645-44CD-8859-A027B952E567}.Debug|x86.Build.0 = Debug|Win32
		{81DB1105-B645-44CD-8859-A027B952E567}.Release|x64.ActiveCfg = Release|x64
		{81DB1105-B645-44CD-8859-A027B952E567}.Release|x64.Build.0 = Release|x64
		{81DB1105-B645-44CD-8859-A027B952E567}.Release|x86.ActiveCfg = Release|Win32
		{81DB1105-B645-44CD-8859-A027B952E567}.Release|x86.Build.0 = Release|Win32
		{49B9E66B-BE50-4137-897C-97793280735F}.Debug|x64.ActiveCfg = Debug|x64
		{49B9E66B-BE50-4137-897C-97793280735F}.Debug|x64.Build.0 = Debug|x64
		{49B9E66B-BE50-4137-897C-97793280735F}.Debug|x86.ActiveCfg = Debug|Win32
		{49B9E66B-BE50-4137-897C-97793280735F}.Debug|x86.Build.0 = Debug|Win32
		{49B9E66B-BE50-4137-897C-97793280735F}.Release|x64.ActiveCfg = Release|x64
		{49B9E66B-BE50-4137-897C-97793280735F}.Release|x64.Build.0 = Release|x64
		{49B9E66B-BE50-4137-897C-97793280735F}.Release|x86.ActiveCfg = Release|Win32
		{49B9E66B-BE50-4137-897C-97793280735F}.Release|x86.Build.0 = Release|Win32
		{8B19DAE8-A479-4205-B185-122794736B3B}.Debug|x64.ActiveCfg = Debug|x64
		{8B19DAE8-A479-4205-B185-122794736B3B}.Debug|x64.Build.0 = Debug|x64
		{8B19DAE8-A479-4205-B185-122794736B3B}.Debug|x86.ActiveCfg = Debug|Win32
		{8B19DAE8-A479-4205-B185-122794736B3B}.Debug|x86.Build.0 = Debug|Win32
		{8B19DAE8-A479-4205-B185-122794736B3B}.Release|x64.ActiveCfg = Release|x64
		{8B19DAE8-A479-4205-B185-122794736B3B}.Release|x64.Build.0 = Release|x64
		{8B19DAE8-A479-4205-B185-122794736B3B}.Release|x86.ActiveCfg = Release|Win32
		{8B19DAE8-A479-4205-B185-122794736B3B}.Release|x86.Build.0 = Release|Win32
		{369B38BC-3A9B-40E4-A24F-75265E574EE2}.Debug|x64.ActiveCfg = Debug|x64
		{369B38BC-3A9B-40E4-A24F-75265E574EE2}.Debug|x64.Build.0 = Debug|x64
		{369B38BC-3A9B-40E4-A24F-75265E574EE2}.Debug|x86.ActiveCfg = Debug|Win32
		{369B38BC-3A9B-40E4-A24F-75265E574EE2}.Debug|x86.Build.0 = Debug|Win32
		{369B38BC-3A9B-40E4-A24F-75265E574EE2}.Release|x64.ActiveCfg = Release|x64
		{369B38BC-3A9B-40E4-A24F-75265E574EE2}.Release|x64.Build.0 = Release|x64
		{369B38BC-3A9B-40E4-A24F-75265E574EE2}.Release|x86.ActiveCfg = Release|Win32
		{369B38BC-3A9B-40E4-A24F-75265E574EE2}.Release|x86.Build.0 = Release|Win32
		{7887096A-82A0-485A-A137-B4FD06CC0548}.Debug|x64.ActiveCfg = Debug|x64
		{7887096A-82A0-485A-A137-B4FD06CC0548}.Debug|x64.Build.0 = Debug|x64
		{7887096A-82A0-485A-A137-B4FD06CC0548}.Debug|x86.ActiveCfg = Debug|Win32
		{7887096A-82A0-485A-A137-B4FD06CC0548}.Debug|x86.Build.0 = Debug|Win32
		{7887096A-82A0-485A-A137-B4FD06CC0548}.Release|x64.ActiveCfg = Release|x64
		{7887096A-82A0-485A-A137-B4FD06CC0548}.Release|x64.Build.0 = Release|x64
		{7887096A-82A0-485A-A137-B4FD06CC0548}.Release|x86.ActiveCfg = Release|Win32
		{7887096A-82A0-485A-A137-B4FD06CC0548}.Release|x86.Build.0 = Release|Win32
		{905B0D85-B00D-42B5-B40E-BEC17188E053}.Debug|x64.ActiveCfg = Debug|x64
		{905B0D85-B00D-42B5-B40E-BEC17188E053}.Debug|x64.Build.0 = Debug|x64
		{905B0D85-B00D-42B5-B40E-BEC17188E053}.Debug|x86.ActiveCfg = Debug|Win32
		{905B0D85-B00D-42B5-B40E-BEC17188E053}.Debug|x86.Build.0 = Debug|Win32
		{905B0D85-B00D-42B5-B40E-BEC17188E053}.Release|x64.ActiveCfg = Release|x64
		{905B0D85-B00D-42B5-B40E-BEC17188E053}.Release|x64.Build.0 = Release|x64
		{905B0D85-B00D-42B5-B40E-BEC17188E053}.Release|x86.ActiveCfg = Release|Win32
		{905B0D85-B00D-42B5-B40E-BEC17188E053}.Release|x86.Build.0 = Release|Win32
		{D0095B63-1959-49A8-875C-D3773C463621}.Debug|x64.ActiveCfg = Debug|x64
		{D0095B63-1959-49A8-875C-D3773C463621}.Debug|x64.Build.0 = Debug|x64
		{D0095B63-1959-49A8-875C-D3773C463621}.Debug|x86.ActiveCfg = Debug|Win32
		{D0095B63-1959-49A8-875C-D3773C463621}.Debug|x86.Build.0 = Debug|Win32
		{D0095B63-1959-49A8-875C-D3773C463621}.Release|x64.ActiveCfg = Release|x64
		{D0095B63-1959-49A8-875C-D3773C463621}.Release|x64.Build.0 = Release|x64
		{D0095B63-1959-49A8-875C-D3773C463621}.Release|x86.ActiveCfg = Release|Win32
		{D0095B63-1959-49A8-875C-D3773C463621}.Release|x86.Build.0 = Release|Win32
		{1262B432-20E9-4732-8131-C12158999402}.Debug|x64.ActiveCfg = Debug|x64
		{1262B432-20E9-4732-8131-C12158999402}.Debug|x64.Build.0 = Debug|x64
		{1262B432-20E9-4732-8131-C12158999402}.Debug|x86.ActiveCfg = Debug|Win32
		{1262B432-20E9-4732-8131-C12158999402}.Debug|x86.Build.0 = Debug|Win32
		{1262B432-20E9-4732-8131-C12158999402}.Release|x64.ActiveCfg = Release|x64
		{1262B432-20E9-4732-8131-C12158999402}.Release|x64.Build.0 = Release|x64
		{1262B432-20E9-4732-8131-C12158999402}.Release|x86.ActiveCfg = Release|Win32
		{1262B432-20E9-4732-8131-C12158999402}.Release|x86.Build.0 = Release|Win32
		{3A97ECEA-0AE3-40B5-BB73-0874F5F9516B}.Debug|x64.ActiveCfg = Debug|x64
		{3A97ECEA-0AE3-40B5-BB73-0874F5F9516B}.Debug|x64.Build.0 = Debug|x64
		{3A97ECEA-0AE3-40B5-BB73-0874F5F9516B}.Debug|x86.ActiveCfg = Debug|Win32
		{3A97ECEA-0AE3-40B5-BB73-0874F5F9516B}.Debug|x86.Build.0 = Debug|Win32
		{3A97ECEA-0AE3-40B5-BB73-0874F5F9516B}.Release|x64.ActiveCfg = Release|x64
		{3A97ECEA-0AE3-40B5-BB73-0874F5F9516B}.Release|x64.Build.0 = Release|x64
		{3A97ECEA-0AE3-40B5-BB73-0874F5F9516B}.Release|x86.ActiveCfg = Release|Win32
		{3A97ECEA-0AE3-40B5-BB73-0874F5F9516B}.Release|x86.Build.0 = Release|Win32
		{50449426-0E07-4D4A-B7EC-366B8D1A8503}.Debug|x64.ActiveCfg = Debug|x64
		{50449426-0E07-4D4A-B7EC-366B8D1A8503}.Debug|x64.Build.0 = Debug|x64
		{50449426-0E07-4D4A-B7EC-366B8D1A8503}.Debug|x86.ActiveCfg = Debug|Win32
		{50449426-0E07-4D4A-B7EC-366B8D1A8503}.Debug|x86.Build.0 = Debug|Win32
		{50449426-0E07-4D4A-B7EC-366B8D1A8503}.Release|x64.ActiveCfg = Release|x64
		{50449426-0E07-4D4A-B7EC-366B8D1A8503}.Release|x64.Build.0 = Release|x64
		{50449426-0E07-4D4A-B7EC-366B8D1A8503}.Release|x86.ActiveCfg = Release|Win32
		{50449426-0E07-4D4A-B7EC-366B8D1A8503}.Release|x86.Build.0 = Release|Win32
		{118F84E3-475E-45BB-8F8D-51C1CB03BCEE}.Debug|x64.ActiveCfg = Debug|x64
		{118F84E3-475E-45BB-8F8D-51C1CB03BCEE}.Debug|x64.Build.0 = Debug|x64
		{118F84E3-475E-45BB-8F8D-51C1CB03BCEE}.Debug|x86.ActiveCfg = Debug|Win32
		{118F84E3-475E-45BB-8F8D-51C1CB03BCEE}.Debug|x86.Build.0 = Debug|Win32
		{118F84E3-475E-45BB-8F8D-51C1CB03BCEE}.Release|x64.ActiveCfg = Release|x64
		{118F84E3-475E-45BB-8F8D-51C1CB03BCEE}.Release|x64.Build.0 = Release|x64
		{118F84E3-475E-45BB-8F8D-51C1CB03BCEE}.Release|x86.ActiveCfg = Release|Win32
		{118F84E3-475E-45BB-8F8D-51C1CB03BCEE}.Release|x86.Build.0 = Release|Win32
		{0D237F28-EA59-4308-9330-50650B015A07}.Debug|x64.ActiveCfg = Debug|x64
		{0D237F28-EA59-4308-9330-50650B015A07}.Debug|x64.Build.0 = Debug|x64
		{0D237F28-EA59-4308-9330-50650B015A07}.Debug|x86.ActiveCfg = Debug|Win32
		{0D237F28-EA59-4308-9330-50650B015A07}.Debug|x86.Build.0 = Debug|Win32
		{0D237F28-EA59-4308-9330-50650B015A07}.Release|x64.ActiveCfg = Release|x64
		{0D237F28-EA59-4308-9330-50650B015A07}.Release|x64.Build.0 = Release|x64
		{0D237F28-EA59-4308-9330-50650B015A07}.Release|x86.ActiveCfg = Release|Win32
		{0D237F28-EA59-4308-9330-50650B015A07}.Release|x86.Build.0 = Release|Win32
		{F0B17728-0597-4364-9A6C-1F6AF645F9F9}.Debug|x64.ActiveCfg = Debug|x64
		{F0B17728-0597-4364-9A6C-1F6AF645F9F9}.Debug|x64.Build.0 = Debug|x64
		{F0B17728-0597-4364-9A6C-1F6AF645F9F9}.Debug|x86.ActiveCfg = Debug|Win32
		{F0B17728-0597-4364-9A6C-1F6AF645F9F9}.Debug|x86.Build.0 = Debug|Win32
		{F0B17728-0597-4364-9A6C-1F6AF645F9F9}.Release|x64.ActiveCfg = Release|x64
		{F0B17728-0597-4364-9A6C-1F6AF645F9F9}.Release|x64.Build.0 = Release|x64
		{F0B17728-0597-4364-9A6C-1F6AF645F9F9}.Release|x86.ActiveCfg = Release|Win32
		{F0B17728-0597-4364-9A6C-1F6AF645F9F9}.Release|x86.Build.0 = Release|Win32
		{7EA10199-138D-4F8B-AFCF-F5E1B97C466A}.Debug|x64.ActiveCfg = Debug|x64
		{7EA10199-138D-4F8B-AFCF-F5E1B97C466A}.Debug|x64.Build.0 = Debug|x64
		{7EA10199-138D-4F8B-AFCF-F5E1B97C466A}.Debug|x86.ActiveCfg = Debug|Win32
		{7EA10199-138D-4F8B-AFCF-F5E1B97C466A}.Debug|x86.Build.0 = Debug|Win32
		{7EA10199-138D-4F8B-AFCF-F5E1B97C466A}.Release|x64.ActiveCfg = Release|x64
		{7EA10199-138D-4F8B-AFCF-F5E1B97C466A}.Release|x64.Build.0 = Release|x64
		{7EA10199-138D-4F8B-AFCF-F5E1B97C466A}.Release|x86.ActiveCfg = Release|Win32
		{7EA10199-138D-4F8B-AFCF-F5E1B97C466A}.Release|x86.Build.0 = Release|Win32
		{CC9FC32C-1FCB-4C5C-A049-87E67BC81BD8}.Debug|x64.ActiveCfg = Debug|x64
		{CC9FC32C-1FCB-4C5C-A049-87E67BC81BD8}.Debug|x64.Build.0 = Debug|x64
		{CC9FC32C-1FCB-4C5C-A049-87E67BC81BD8}.Debug|x86.ActiveCfg = Debug|Win32
		{CC9FC32C-1FCB-4C5C-A049-87E67BC81BD8}.Debug|x86.Build.0 = Debug|Win32
		{CC9FC32C-1FCB-4C5C-A049-87E67BC81BD8}.Release|x64.ActiveCfg = Release|x64
		{CC9FC32C-1FCB-4C5C-A049-87E67BC81BD8}.Release|x64.Build.0 = Release|x64
		{CC9FC32C-1FCB-4C5C-A049-87E67BC81BD8}.Release|x86.ActiveCfg = Release|Win32
		{CC9FC32C-1FCB-4C5C-A049-87E67BC81BD8}.Release|x86.Build.0 = Release|Win32
		{4ABDE0AF-E754-472C-B941-A1A3D4FD3E74}.Debug|x64.ActiveCfg = Debug|x64
		{4ABDE0AF-E754-472C-B941-A1A3D4FD3E74}.Debug|x64.Build.0 = Debug|x64
		{4ABDE0AF-E754-472C-B941-A1A3D4FD3E74}.Debug|x86.ActiveCfg = Debug|Win32
		{4ABDE0AF-E754-472C-B941-A1A3D4FD3E74}.Debug|x86.Build.0 = Debug|Win32
		{4ABDE0AF-E754-472C-B941-A1A3D4FD3E74}.Release|x64.ActiveCfg = Release|x64
		{4ABDE0AF-E754-472C-B941-A1A3D4FD3E74}.Release|x64.Build.0 = Release|x64
		{4ABDE0AF-E754-472C-B941-A1A3D4FD3E74}.Release|x86.ActiveCfg = Release|Win32
		{4ABDE0AF-E754-472C-B941-A1A3D4FD3E74}.Release|x86.Build.0 = Release|Win32
		{E7CFBDC2-43C5-4B0D-B5CF-BA54EA12BA79}.Debug|x64.ActiveCfg = Debug|x64
		{E7CFBDC2-43C5-4B0D-B5CF-BA54EA12BA79}.Debug|x64.Build.0 = Debug|x64
		{E7CFBDC2-43C5-4B0D-B5CF-BA54EA12BA79}.Debug|x86.ActiveCfg = Debug|Win32
		{E7CFBDC2-43C5-4B0D-B5CF-BA54EA12BA79}.Debug|x86.Build.0 = Debug|Win32
		{E7CFBDC2-43C5-4B0D-B5CF-BA54EA12BA79}.Release|x64.ActiveCfg = Release|x64
		{E7CFBDC2-43C5-4B0D-B5CF-BA54EA12BA79}.Release|x64.Build.0 = Release|x64
		{E7CFBDC2-43C5-4B0D-B5CF-BA54EA12BA79}.Release|x86.ActiveCfg = Release|Win32
		{E7CFBDC2-43C5-4B0D-B5CF-BA54EA12BA79}.Release|x86.Build.0 = Release|Win32
		{66919A9A-AF4D-4169-B514-5CA3183A565A}.Debug|x64.ActiveCfg = Debug|x64
		{66919A9A-AF4D-4169-B514-5CA3183A565A}.Debug|x64.Build.0 = Debug|x64
		{66919A9A-AF4D-4169-B514-5CA3183A565A}.Debug|x86.ActiveCfg = Debug|Win32
		{66919A9A-AF4D-4169-B514-5CA3183A565A}.Debug|x86.Build.0 = Debug|Win32
		{66919A9A-AF4D-4169-B514-5CA3183A565A}.Release|x64.ActiveCfg = Release|x64
		{66919A9A-AF4D-4169-B514-5CA3183A565A}.Release|x64.Build.0 = Release|x64
		{66919A9A-AF4D-4169-B514-5CA3183A565A}.Release|x86.ActiveCfg = Release|Win32
		{66919A9A-AF4D-4169-B514-5CA3183A565A}.Release|x86.Build.0 = Release|Win32
		{99087CF3-5756-4535-B1A4-2E2D0DFF54E7}.Debug|x64.ActiveCfg = Debug|x64
		{99087CF3-5756-4535-B1A4-2E2D0DFF54E7}.Debug|x64.Build.0 = Debug|x64
		{99087CF3-5756-4535-B1A4-2E2D0DFF54E7}.Debug|x86.ActiveCfg = Debug|Win32
		{99087CF3-5756-4535-B1A4-2E2D0DFF54E7}.Debug|x86.Build.0 = Debug|Win32
		{99087CF3-5756-4535-B1A4-2E2D0DFF54E7}.Release|x64.ActiveCfg = Release|x64
		{99087CF3-5756-4535-B1A4-2E2D0DFF54E7}.Release|x64.Build.0 = Release|x64
		{99087CF3-5756-4535-B1A4-2E2D0DFF54E7}.Release|x86.ActiveCfg = Release|Win32
		{99087CF3-5756-4535-B1A4-2E2D0DFF54E7}.Release|x86.Build.0 = Release|Win32
		{323C0C1A-1DB1-46F3-95ED-382CB51965F2}.Debug|x64.ActiveCfg = Debug|x64
		{323C0C1A-1DB1-46F3-95ED-382CB51965F2}.Debug|x64.Build.0 = Debug|x64
		{323C0C1A-1DB1-46F3-95ED-382CB51965F2}.Debug|x86.ActiveCfg = Debug|Win32
		{323C0C1A-1DB1-46F3-95ED-382CB51965F2}.Debug|x86.Build.0 = Debug|Win32
		{323C0C1A-1DB1-46F3-95ED-382CB51965F2}.Release|x64.ActiveCfg = Release|x64
		{323C0C1A-1DB1-46F3-95ED-382CB51965F2}.Release|x64.Build.0 = Release|x64
		{323C0C1A-1DB1-46F3-95ED-382CB51965F2}.Release|x86.ActiveCfg = Release|Win32
		{323C0C1A-1DB1-46F3-95ED-382CB51965F2}.Release|x86.Build.0 = Release|Win32
		{12F52B93-9AA2-4194-BC54-50064EB6A66B}.Debug|x64.ActiveCfg = Debug|x64
		{12F52B93-9AA2-4194-BC54-50064EB6A66B}.Debug|x64.Build.0 = Debug|x64
		{12F52B93-9AA2-4194-BC54-50064EB6A66B}.Debug|x86.ActiveCfg = Debug|Win32
		{12F52B93-9AA2-4194-BC54-50064EB6A66B}.Debug|x86.Build.0 = Debug|Win32
		{12F52B93-9AA2-4194-BC54-50064EB6A66B}.Release|x64.ActiveCfg = Release|x64
		{12F52B93-9AA2-4194-BC54-50064EB6A66B}.Release|x64.Build.0 = Release|x64
		{12F52B93-9AA2-4194-BC54-50064EB6A66B}.Release|x86.ActiveCfg = Release|Win32
		{12F52B93-9AA2-4194-BC54-50064EB6A66B}.Release|x86.Build.0 = Release|Win32
		{9A399A55-990C-417F-B558-4A9DDFAE71A8}.Debug|x64.ActiveCfg = Debug|x64
		{9A399A55-990C-417F-B558-4A9DDFAE71A8}.Debug|x64.Build.0 = Debug|x64
		{9A399A55-990C-417F-B558-4A9DDFAE71A8}.Debug|x86.ActiveCfg = Debug|Win32
		{9A399A55-990C-417F-B558-4A9DDFAE71A8}.Debug|x86.Build.0 = Debug|Win32
		{9A399A55-990C-417F-B558-4A9DDFAE71A8}.Release|x64.ActiveCfg = Release|x64
		{9A399A55-990C-417F-B558-4A9DDFAE71A8}.Release|x64.Build.0 = Release|x64
		{9A399A55-990C-417F-B558-4A9DDFAE71A8}.Release|x86.ActiveCfg = Release|Win32
		{9A399A55-990C-417F-B558-4A9DDFAE71A8}.Release|x86.Build.0 = Release|Win32
		{C368E117-F7A7-46B7-B77F-2C5BC10B75AC}.Debug|x64.ActiveCfg = Debug|x64
		{C368E117-F7A7-46B7-B77F-2C5BC10B75AC}.Debug|x64.Build.0 = Debug|x64
		{C368E117-F7A7-46B7-B77F-2C5BC10B75AC}.Debug|x86.ActiveCfg = Debug|Win32
		{C368E117-F7A7-46B7-B77F-2C5BC10B75AC}.Debug|x86.Build.0 = Debug|Win32
		{C368E117-F7A7-46B7-B77F-2C5BC10B75AC}.Release|x64.ActiveCfg = Release|x64
		{C368E117-F7A7-46B7-B77F-2C5BC10B75AC}.Release|x64.Build.0 = Release|x64
		{C368E117-F7A7-46B7-B77F-2C5BC10B75AC}.Release|x86.ActiveCfg = Release|Win32
		{C368E117-F7A7-46B7-B77F-2C5BC10B75AC}.Release|x86.Build.0 = Release|Win32
		{6B8A5879-9F19-4821-8A8A-511A0C646081}.Debug|x64.ActiveCfg = Debug|x64
		{6B8A5879-9F19-4821-8A8A-511A0C646081}.Debug|x64.Build.0 = Debug|x64
		{6B8A5879-9F19-4821-8A8A-511A0C646081}.Debug|x86.ActiveCfg = Debug|Win32
		{6B8A5879-9F19-4821-8A8A-511A0C646081}.Debug|x86.Build.0 = Debug|Win32
		{6B8A5879-9F19-4821-8A8A-511A0C646081}.Release|x64.ActiveCfg = Release|x64
		{6B8A5879-9F19-4821-8A8A-511A0C646081}.Release|x64.Build.0 = Release|x64
		{6B8A5879-9F19-4821-8A8A-511A0C646081}.Release|x86.ActiveCfg = Release|Win32
		{6B8A5879-9F19-4821-8A8A-511A0C646081}.Release|x86.Build.0 = Release|Win32
	EndGlobalSection
	GlobalSection(SolutionProperties) = preSolution
		HideSolutionNode = FALSE
	EndGlobalSection
	GlobalSection(NestedProjects) = preSolution
		{41A0EE6E-7F4F-4650-B76B-3024308136F3} = {1F4F3822-5B5B-46A8-B8E6-253BB09CFB10}
		{66919A9A-AF4D-4169-B514-5CA3183A565A} = {ACA68C35-1336-405A-85F8-EA7D433F6478}
		{99087CF3-5756-4535-B1A4-2E2D0DFF54E7} = {ACA68C35-1336-405A-85F8-EA7D433F6478}
		{323C0C1A-1DB1-46F3-95ED-382CB51965F2} = {ACA68C35-1336-405A-85F8-EA7D433F6478}
		{12F52B93-9AA2-4194-BC54-50064EB6A66B} = {ACA68C35-1336-405A-85F8-EA7D433F6478}
		{9A399A55-990C-417F-B558-4A9DDFAE71A8} = {ACA68C35-1336-405A-85F8-EA7D433F6478}
		{C368E117-F7A7-46B7-B77F-2C5BC10B75AC} = {ACA68C35-1336-405A-85F8-EA7D433F6478}
		{6B8A5879-9F19-4821-8A8A-511A0C646081} = {ACA68C35-1336-405A-85F8-EA7D433F6478}
	EndGlobalSection
	GlobalSection(ExtensibilityGlobals) = postSolution
		SolutionGuid = {690F8FBC-BD4E-482C-BBD9-5CB7D2D801AC}
	EndGlobalSection
EndGlobal
