<?xml version="1.0" encoding="utf-8"?>
<Project ToolsVersion="4.0" xmlns="http://schemas.microsoft.com/developer/msbuild/2003">
  <ItemGroup>
    <Filter Include="Source">
      <UniqueIdentifier>{1547f748-c890-4e96-88b2-7a48d52044e5}</UniqueIdentifier>
    </Filter>
  </ItemGroup>
  <ItemGroup>
    <ClCompile Include="..\..\..\PhysicsForGameDev\Tutorial01_ParticleDynamics\tutorial01.cpp">
      <Filter>Source</Filter>
    </ClCompile>
  </ItemGroup>
</Project>