<?xml version="1.0" encoding="utf-8"?>
<Project ToolsVersion="4.0" xmlns="http://schemas.microsoft.com/developer/msbuild/2003">
  <ItemGroup>
    <ClCompile Include="..\..\..\Common\math_3d.cpp">
      <Filter>Source</Filter>
    </ClCompile>
    <ClCompile Include="..\..\..\Common\ogldev_basic_glfw_camera.cpp">
      <Filter>Source</Filter>
    </ClCompile>
    <ClCompile Include="..\..\..\Common\ogldev_util.cpp">
      <Filter>Source</Filter>
    </ClCompile>
    <ClCompile Include="..\..\..\Common\3rdparty\stb_image.cpp">
      <Filter>Source</Filter>
    </ClCompile>
    <ClCompile Include="..\..\..\Common\technique.cpp">
      <Filter>Source</Filter>
    </ClCompile>
    <ClCompile Include="..\..\..\DemoLITION\Framework\Source\GL\gl_scene.cpp">
      <Filter>Source\GL</Filter>
    </ClCompile>
    <ClCompile Include="..\..\..\DemoLITION\Framework\Source\demolition_scene.cpp">
      <Filter>Source</Filter>
    </ClCompile>
    <ClCompile Include="..\..\..\DemoLITION\Framework\Source\demolition_model.cpp">
      <Filter>Source</Filter>
    </ClCompile>
    <ClCompile Include="..\..\..\DemoLITION\Framework\Source\GL\flat_color_technique.cpp">
      <Filter>Source\GL</Filter>
    </ClCompile>
    <ClCompile Include="..\..\..\DemoLITION\Framework\Source\GL\grid.cpp">
      <Filter>Source\GL</Filter>
    </ClCompile>
    <ClCompile Include="..\..\..\DemoLITION\Framework\Source\GL\gl_forward_renderer.cpp">
      <Filter>Source\GL</Filter>
    </ClCompile>
    <ClCompile Include="..\..\..\DemoLITION\Framework\Source\demolition_rendering_system.cpp">
      <Filter>Source</Filter>
    </ClCompile>
    <ClCompile Include="..\..\..\DemoLITION\Framework\Source\GL\gl_rendering_system.cpp">
      <Filter>Source\GL</Filter>
    </ClCompile>
    <ClCompile Include="..\..\..\Common\ogldev_shadow_mapping_technique.cpp">
      <Filter>Source\GL</Filter>
    </ClCompile>
    <ClCompile Include="..\..\..\Common\ogldev_glfw.cpp">
      <Filter>Source\GL</Filter>
    </ClCompile>
    <ClCompile Include="..\..\..\Common\ogldev_texture.cpp">
      <Filter>Source\GL</Filter>
    </ClCompile>
    <ClCompile Include="..\..\..\Common\ogldev_shadow_map_fbo.cpp">
      <Filter>Source\GL</Filter>
    </ClCompile>
    <ClCompile Include="..\..\..\DemoLITION\Framework\Source\GL\gl_forward_lighting.cpp">
      <Filter>Source\GL</Filter>
    </ClCompile>
    <ClCompile Include="..\..\..\Common\ogldev_shadow_mapping_technique_point_light.cpp">
      <Filter>Source\GL</Filter>
    </ClCompile>
    <ClCompile Include="..\..\..\Common\ogldev_shadow_cube_map_fbo.cpp">
      <Filter>Source\GL</Filter>
    </ClCompile>
  </ItemGroup>
  <ItemGroup>
    <ClInclude Include="..\..\..\DemoLITION\Framework\Include\demolition_scene.h">
      <Filter>Include</Filter>
    </ClInclude>
    <ClInclude Include="..\..\..\DemoLITION\Framework\Include\demolition.h">
      <Filter>Include</Filter>
    </ClInclude>
    <ClInclude Include="..\..\..\DemoLITION\Framework\Include\GL\gl_scene.h">
      <Filter>Include\GL</Filter>
    </ClInclude>
    <ClInclude Include="..\..\..\DemoLITION\Framework\Include\GL\flat_color_technique.h">
      <Filter>Include\GL</Filter>
    </ClInclude>
    <ClInclude Include="..\..\..\DemoLITION\Framework\Include\GL\grid.h">
      <Filter>Include\GL</Filter>
    </ClInclude>
    <ClInclude Include="..\..\..\DemoLITION\Framework\Include\demolition_lights.h">
      <Filter>Include</Filter>
    </ClInclude>
    <ClInclude Include="..\..\..\DemoLITION\Framework\Include\GL\gl_forward_lighting.h">
      <Filter>Include\GL</Filter>
    </ClInclude>
    <ClInclude Include="..\..\..\DemoLITION\Framework\Include\GL\gl_forward_renderer.h">
      <Filter>Include\GL</Filter>
    </ClInclude>
    <ClInclude Include="..\..\..\DemoLITION\Framework\Include\Int\base_rendering_system.h">
      <Filter>Include\Int</Filter>
    </ClInclude>
    <ClInclude Include="..\..\..\DemoLITION\Framework\Include\demolition_rendering_system.h">
      <Filter>Include</Filter>
    </ClInclude>
    <ClInclude Include="..\..\..\DemoLITION\Framework\Include\GL\gl_rendering_system.h">
      <Filter>Include\GL</Filter>
    </ClInclude>
    <ClInclude Include="..\..\..\DemoLITION\Framework\Include\Int\scene.h">
      <Filter>Include\Int</Filter>
    </ClInclude>
    <ClInclude Include="..\..\..\DemoLITION\Framework\Include\Int\demolition_model.h">
      <Filter>Include\Int</Filter>
    </ClInclude>
    <ClInclude Include="..\..\..\Include\ogldev_shadow_mapping_technique.h">
      <Filter>Include\GL</Filter>
    </ClInclude>
  </ItemGroup>
  <ItemGroup>
    <Filter Include="Include">
      <UniqueIdentifier>{3c0e86cf-cd6c-4081-8dfd-455c40534438}</UniqueIdentifier>
    </Filter>
    <Filter Include="Include\GL">
      <UniqueIdentifier>{fdef11a9-8d32-4b34-bdf7-2a8e74b2d988}</UniqueIdentifier>
    </Filter>
    <Filter Include="Source">
      <UniqueIdentifier>{04584332-94aa-4a21-8f51-2394819d41c0}</UniqueIdentifier>
    </Filter>
    <Filter Include="Source\GL">
      <UniqueIdentifier>{9cf8ece7-a137-432f-9df8-5ed4521986ad}</UniqueIdentifier>
    </Filter>
    <Filter Include="Include\Int">
      <UniqueIdentifier>{03eb9034-f3ca-4ff0-9036-25be52c93db6}</UniqueIdentifier>
    </Filter>
    <Filter Include="Shaders">
      <UniqueIdentifier>{e64a050e-fc68-4dc9-b54e-7eb1579f6769}</UniqueIdentifier>
    </Filter>
    <Filter Include="Shaders\GL">
      <UniqueIdentifier>{f0d42b3f-7371-47b6-85c4-845f66bd8646}</UniqueIdentifier>
    </Filter>
  </ItemGroup>
  <ItemGroup>
    <None Include="..\..\..\DemoLITION\Framework\Shaders\GL\flat_color.fs">
      <Filter>Shaders\GL</Filter>
    </None>
    <None Include="..\..\..\DemoLITION\Framework\Shaders\GL\flat_color.vs">
      <Filter>Shaders\GL</Filter>
    </None>
    <None Include="..\..\..\DemoLITION\Framework\Shaders\GL\forward_lighting.fs">
      <Filter>Shaders\GL</Filter>
    </None>
    <None Include="..\..\..\DemoLITION\Framework\Shaders\GL\forward_lighting.vs">
      <Filter>Shaders\GL</Filter>
    </None>
    <None Include="..\..\..\DemoLITION\Framework\Shaders\GL\forward_skinning.vs">
      <Filter>Shaders\GL</Filter>
    </None>
  </ItemGroup>
</Project>