<?xml version="1.0" encoding="utf-8"?>
<Project ToolsVersion="4.0" xmlns="http://schemas.microsoft.com/developer/msbuild/2003">
  <ItemGroup>
    <ClCompile Include="..\..\..\Common\math_3d.cpp">
      <Filter>Source</Filter>
    </ClCompile>
    <ClCompile Include="..\..\..\Common\ogldev_util.cpp">
      <Filter>Source</Filter>
    </ClCompile>
    <ClCompile Include="..\..\..\Common\3rdparty\stb_image.cpp">
      <Filter>Source</Filter>
    </ClCompile>
    <ClCompile Include="..\..\..\Common\technique.cpp">
      <Filter>Source</Filter>
    </ClCompile>
    <ClCompile Include="..\..\..\DemoLITION\Framework\Source\GL\gl_scene.cpp">
      <Filter>Source\GL</Filter>
    </ClCompile>
    <ClCompile Include="..\..\..\DemoLITION\Framework\Source\GL\grid.cpp">
      <Filter>Source\GL</Filter>
    </ClCompile>
    <ClCompile Include="..\..\..\DemoLITION\Framework\Source\GL\gl_forward_renderer.cpp">
      <Filter>Source\GL</Filter>
    </ClCompile>
    <ClCompile Include="..\..\..\DemoLITION\Framework\Source\GL\gl_rendering_system.cpp">
      <Filter>Source\GL</Filter>
    </ClCompile>
    <ClCompile Include="..\..\..\Common\ogldev_glfw.cpp">
      <Filter>Source\GL</Filter>
    </ClCompile>
    <ClCompile Include="..\..\..\Common\ogldev_texture.cpp">
      <Filter>Source\GL</Filter>
    </ClCompile>
    <ClCompile Include="..\..\..\Common\ogldev_shadow_map_fbo.cpp">
      <Filter>Source\GL</Filter>
    </ClCompile>
    <ClCompile Include="..\..\..\Common\ogldev_shadow_cube_map_fbo.cpp">
      <Filter>Source\GL</Filter>
    </ClCompile>
    <ClCompile Include="..\..\..\DemoLITION\Framework\Source\core_model.cpp">
      <Filter>Source</Filter>
    </ClCompile>
    <ClCompile Include="..\..\..\DemoLITION\Framework\Source\core_rendering_system.cpp">
      <Filter>Source</Filter>
    </ClCompile>
    <ClCompile Include="..\..\..\DemoLITION\Framework\Source\core_scene.cpp">
      <Filter>Source</Filter>
    </ClCompile>
    <ClCompile Include="..\..\..\DemoLITION\Framework\Source\GL\base_gl_app.cpp">
      <Filter>Source\GL</Filter>
    </ClCompile>
    <ClCompile Include="..\..\..\Common\3rdparty\ImGui\GLFW\imgui.cpp">
      <Filter>Source\ImGUI</Filter>
    </ClCompile>
    <ClCompile Include="..\..\..\Common\3rdparty\ImGui\GLFW\imgui_draw.cpp">
      <Filter>Source\ImGUI</Filter>
    </ClCompile>
    <ClCompile Include="..\..\..\Common\3rdparty\ImGui\GLFW\imgui_impl_glfw.cpp">
      <Filter>Source\ImGUI</Filter>
    </ClCompile>
    <ClCompile Include="..\..\..\Common\3rdparty\ImGui\GLFW\imgui_impl_opengl3.cpp">
      <Filter>Source\ImGUI</Filter>
    </ClCompile>
    <ClCompile Include="..\..\..\Common\3rdparty\ImGui\GLFW\imgui_tables.cpp">
      <Filter>Source\ImGUI</Filter>
    </ClCompile>
    <ClCompile Include="..\..\..\Common\3rdparty\ImGui\GLFW\imgui_widgets.cpp">
      <Filter>Source\ImGUI</Filter>
    </ClCompile>
    <ClCompile Include="..\..\..\DemoLITION\Framework\Source\GL\gl_picking_texture.cpp">
      <Filter>Source\GL</Filter>
    </ClCompile>
    <ClCompile Include="..\..\..\Common\3rdparty\ImGui\imGuIZMO.quat\imGuIZMOquat.cpp">
      <Filter>Source\ImGUI\imGuIZmo.quat</Filter>
    </ClCompile>
    <ClCompile Include="..\..\..\DemoLITION\Framework\Source\GL\flat_color_technique.cpp">
      <Filter>Source\GL\Techniques</Filter>
    </ClCompile>
    <ClCompile Include="..\..\..\DemoLITION\Framework\Source\GL\gl_forward_lighting.cpp">
      <Filter>Source\GL\Techniques</Filter>
    </ClCompile>
    <ClCompile Include="..\..\..\DemoLITION\Framework\Source\GL\gl_forward_skinning.cpp">
      <Filter>Source\GL\Techniques</Filter>
    </ClCompile>
    <ClCompile Include="..\..\..\DemoLITION\Framework\Source\GL\gl_infinite_grid_technique.cpp">
      <Filter>Source\GL\Techniques</Filter>
    </ClCompile>
    <ClCompile Include="..\..\..\DemoLITION\Framework\Source\GL\gl_picking_technique.cpp">
      <Filter>Source\GL\Techniques</Filter>
    </ClCompile>
    <ClCompile Include="..\..\..\Common\ogldev_shadow_mapping_technique_point_light.cpp">
      <Filter>Source\GL\Techniques</Filter>
    </ClCompile>
    <ClCompile Include="..\..\..\DemoLITION\Framework\Source\GL\gl_infinite_grid.cpp">
      <Filter>Source\GL</Filter>
    </ClCompile>
    <ClCompile Include="..\..\..\Common\ogldev_glm_camera.cpp">
      <Filter>Source</Filter>
    </ClCompile>
    <ClCompile Include="..\..\..\Common\ogldev_glfw_camera_handler.cpp">
      <Filter>Source</Filter>
    </ClCompile>
    <ClCompile Include="..\..\..\DemoLITION\Framework\Source\GL\gl_shadow_mapping_technique.cpp">
      <Filter>Source\GL\Techniques</Filter>
    </ClCompile>
    <ClCompile Include="..\..\..\DemoLITION\Framework\Source\GL\gl_indirect_render.cpp">
      <Filter>Source\GL</Filter>
    </ClCompile>
    <ClCompile Include="..\..\..\Common\cubemap_texture.cpp">
      <Filter>Source\GL</Filter>
    </ClCompile>
  </ItemGroup>
  <ItemGroup>
    <ClInclude Include="..\..\..\DemoLITION\Framework\Include\demolition_scene.h">
      <Filter>Include</Filter>
    </ClInclude>
    <ClInclude Include="..\..\..\DemoLITION\Framework\Include\demolition.h">
      <Filter>Include</Filter>
    </ClInclude>
    <ClInclude Include="..\..\..\DemoLITION\Framework\Include\GL\gl_scene.h">
      <Filter>Include\GL</Filter>
    </ClInclude>
    <ClInclude Include="..\..\..\DemoLITION\Framework\Include\GL\gl_grid.h">
      <Filter>Include\GL</Filter>
    </ClInclude>
    <ClInclude Include="..\..\..\DemoLITION\Framework\Include\demolition_lights.h">
      <Filter>Include</Filter>
    </ClInclude>
    <ClInclude Include="..\..\..\DemoLITION\Framework\Include\GL\gl_forward_renderer.h">
      <Filter>Include\GL</Filter>
    </ClInclude>
    <ClInclude Include="..\..\..\DemoLITION\Framework\Include\demolition_rendering_system.h">
      <Filter>Include</Filter>
    </ClInclude>
    <ClInclude Include="..\..\..\DemoLITION\Framework\Include\GL\gl_rendering_system.h">
      <Filter>Include\GL</Filter>
    </ClInclude>
    <ClInclude Include="..\..\..\DemoLITION\Framework\Include\demolition_model.h">
      <Filter>Include</Filter>
    </ClInclude>
    <ClInclude Include="..\..\..\DemoLITION\Framework\Include\Int\core_model.h">
      <Filter>Include\Int</Filter>
    </ClInclude>
    <ClInclude Include="..\..\..\DemoLITION\Framework\Include\Int\core_rendering_system.h">
      <Filter>Include\Int</Filter>
    </ClInclude>
    <ClInclude Include="..\..\..\DemoLITION\Framework\Include\Int\core_scene.h">
      <Filter>Include\Int</Filter>
    </ClInclude>
    <ClInclude Include="..\..\..\DemoLITION\Framework\Include\demolition_base_gl_app.h">
      <Filter>Include</Filter>
    </ClInclude>
    <ClInclude Include="..\..\..\Common\3rdparty\ImGui\GLFW\imconfig.h">
      <Filter>Source\ImGUI</Filter>
    </ClInclude>
    <ClInclude Include="..\..\..\Common\3rdparty\ImGui\GLFW\imgui.h">
      <Filter>Source\ImGUI</Filter>
    </ClInclude>
    <ClInclude Include="..\..\..\Common\3rdparty\ImGui\GLFW\imgui_impl_glfw.h">
      <Filter>Source\ImGUI</Filter>
    </ClInclude>
    <ClInclude Include="..\..\..\Common\3rdparty\ImGui\GLFW\imgui_impl_opengl3.h">
      <Filter>Source\ImGUI</Filter>
    </ClInclude>
    <ClInclude Include="..\..\..\Common\3rdparty\ImGui\GLFW\imgui_impl_opengl3_loader.h">
      <Filter>Source\ImGUI</Filter>
    </ClInclude>
    <ClInclude Include="..\..\..\Common\3rdparty\ImGui\GLFW\imgui_internal.h">
      <Filter>Source\ImGUI</Filter>
    </ClInclude>
    <ClInclude Include="..\..\..\Common\3rdparty\ImGui\GLFW\imstb_rectpack.h">
      <Filter>Source\ImGUI</Filter>
    </ClInclude>
    <ClInclude Include="..\..\..\Common\3rdparty\ImGui\GLFW\imstb_textedit.h">
      <Filter>Source\ImGUI</Filter>
    </ClInclude>
    <ClInclude Include="..\..\..\Common\3rdparty\ImGui\GLFW\imstb_truetype.h">
      <Filter>Source\ImGUI</Filter>
    </ClInclude>
    <ClInclude Include="..\..\..\DemoLITION\Framework\Include\GL\gl_picking_texture.h">
      <Filter>Include\GL</Filter>
    </ClInclude>
    <ClInclude Include="..\..\..\DemoLITION\Framework\Include\demolition_object.h">
      <Filter>Include</Filter>
    </ClInclude>
    <ClInclude Include="..\..\..\Common\3rdparty\ImGui\imGuIZMO.quat\imGuIZMOquat.h">
      <Filter>Source\ImGUI\imGuIZmo.quat</Filter>
    </ClInclude>
    <ClInclude Include="..\..\..\Common\3rdparty\ImGui\imGuIZMO.quat\vgConfig.h">
      <Filter>Source\ImGUI\imGuIZmo.quat</Filter>
    </ClInclude>
    <ClInclude Include="..\..\..\Common\3rdparty\ImGui\imGuIZMO.quat\vGizmo.h">
      <Filter>Source\ImGUI\imGuIZmo.quat</Filter>
    </ClInclude>
    <ClInclude Include="..\..\..\Common\3rdparty\ImGui\imGuIZMO.quat\vGizmoMath.h">
      <Filter>Source\ImGUI\imGuIZmo.quat</Filter>
    </ClInclude>
    <ClInclude Include="..\..\..\Common\3rdparty\ImGui\imGuIZMO.quat\vgMath.h">
      <Filter>Source\ImGUI\imGuIZmo.quat</Filter>
    </ClInclude>
    <ClInclude Include="..\..\..\DemoLITION\Framework\Include\GL\flat_color_technique.h">
      <Filter>Include\GL\Techniques</Filter>
    </ClInclude>
    <ClInclude Include="..\..\..\DemoLITION\Framework\Include\GL\gl_forward_lighting.h">
      <Filter>Include\GL\Techniques</Filter>
    </ClInclude>
    <ClInclude Include="..\..\..\DemoLITION\Framework\Include\GL\gl_forward_skinning.h">
      <Filter>Include\GL\Techniques</Filter>
    </ClInclude>
    <ClInclude Include="..\..\..\DemoLITION\Framework\Include\GL\gl_infinite_grid_technique.h">
      <Filter>Include\GL\Techniques</Filter>
    </ClInclude>
    <ClInclude Include="..\..\..\DemoLITION\Framework\Include\GL\gl_picking_technique.h">
      <Filter>Include\GL\Techniques</Filter>
    </ClInclude>
    <ClInclude Include="..\..\..\DemoLITION\Framework\Include\GL\gl_infinite_grid.h">
      <Filter>Include\GL</Filter>
    </ClInclude>
    <ClInclude Include="..\..\..\DemoLITION\Framework\Include\GL\gl_shadow_mapping_technique.h">
      <Filter>Include\GL\Techniques</Filter>
    </ClInclude>
    <ClInclude Include="..\..\..\DemoLITION\Framework\Include\GL\gl_indirect_render.h">
      <Filter>Include\GL</Filter>
    </ClInclude>
    <ClInclude Include="..\..\..\DemoLITION\Framework\Include\GL\gl_basic_mesh_entry.h">
      <Filter>Include\GL</Filter>
    </ClInclude>
    <ClInclude Include="..\..\..\DemoLITION\Framework\Include\GL\gl_ssbo_db.h">
      <Filter>Include\GL</Filter>
    </ClInclude>
    <ClInclude Include="..\..\..\DemoLITION\Framework\Include\GL\gl_engine_common.h">
      <Filter>Include\GL</Filter>
    </ClInclude>
  </ItemGroup>
  <ItemGroup>
    <Filter Include="Include">
      <UniqueIdentifier>{3c0e86cf-cd6c-4081-8dfd-455c40534438}</UniqueIdentifier>
    </Filter>
    <Filter Include="Include\GL">
      <UniqueIdentifier>{fdef11a9-8d32-4b34-bdf7-2a8e74b2d988}</UniqueIdentifier>
    </Filter>
    <Filter Include="Source">
      <UniqueIdentifier>{04584332-94aa-4a21-8f51-2394819d41c0}</UniqueIdentifier>
    </Filter>
    <Filter Include="Source\GL">
      <UniqueIdentifier>{9cf8ece7-a137-432f-9df8-5ed4521986ad}</UniqueIdentifier>
    </Filter>
    <Filter Include="Include\Int">
      <UniqueIdentifier>{03eb9034-f3ca-4ff0-9036-25be52c93db6}</UniqueIdentifier>
    </Filter>
    <Filter Include="Shaders">
      <UniqueIdentifier>{e64a050e-fc68-4dc9-b54e-7eb1579f6769}</UniqueIdentifier>
    </Filter>
    <Filter Include="Shaders\GL">
      <UniqueIdentifier>{f0d42b3f-7371-47b6-85c4-845f66bd8646}</UniqueIdentifier>
    </Filter>
    <Filter Include="Source\ImGUI">
      <UniqueIdentifier>{114ca478-44a4-44e7-8397-fa1424782f7c}</UniqueIdentifier>
    </Filter>
    <Filter Include="Source\ImGUI\imGuIZmo.quat">
      <UniqueIdentifier>{5e81e384-d69e-45a5-b905-309d8a740989}</UniqueIdentifier>
    </Filter>
    <Filter Include="Source\GL\Techniques">
      <UniqueIdentifier>{534f6848-dcfa-4499-b52e-8362d346c652}</UniqueIdentifier>
    </Filter>
    <Filter Include="Include\GL\Techniques">
      <UniqueIdentifier>{e5d7a365-34f3-45d2-b26d-f1b7d90cf2c4}</UniqueIdentifier>
    </Filter>
  </ItemGroup>
  <ItemGroup>
    <None Include="..\..\..\DemoLITION\Framework\Shaders\GL\flat_color.fs">
      <Filter>Shaders\GL</Filter>
    </None>
    <None Include="..\..\..\DemoLITION\Framework\Shaders\GL\flat_color.vs">
      <Filter>Shaders\GL</Filter>
    </None>
    <None Include="..\..\..\DemoLITION\Framework\Shaders\GL\forward_lighting.fs">
      <Filter>Shaders\GL</Filter>
    </None>
    <None Include="..\..\..\DemoLITION\Framework\Shaders\GL\forward_lighting.vs">
      <Filter>Shaders\GL</Filter>
    </None>
    <None Include="..\..\..\DemoLITION\Framework\Shaders\GL\forward_skinning.vs">
      <Filter>Shaders\GL</Filter>
    </None>
    <None Include="..\..\..\DemoLITION\Framework\Shaders\GL\picking.fs">
      <Filter>Shaders\GL</Filter>
    </None>
    <None Include="..\..\..\DemoLITION\Framework\Shaders\GL\picking.vs">
      <Filter>Shaders\GL</Filter>
    </None>
    <None Include="..\..\..\DemoLITION\Framework\Shaders\GL\infinite_grid.fs">
      <Filter>Shaders\GL</Filter>
    </None>
    <None Include="..\..\..\DemoLITION\Framework\Shaders\GL\infinite_grid.vs">
      <Filter>Shaders\GL</Filter>
    </None>
    <None Include="..\..\..\DemoLITION\Framework\Shaders\GL\shadow_map.vs">
      <Filter>Shaders\GL</Filter>
    </None>
  </ItemGroup>
</Project>