<?xml version="1.0" encoding="utf-8"?>
<Project ToolsVersion="4.0" xmlns="http://schemas.microsoft.com/developer/msbuild/2003">
  <ItemGroup>
    <Filter Include="Headers">
      <UniqueIdentifier>{3af8bec0-b4a3-4549-a8f6-383a73e1ff06}</UniqueIdentifier>
    </Filter>
    <Filter Include="Shaders">
      <UniqueIdentifier>{d78f77f1-9445-4bb3-b3a1-cf14a68f218b}</UniqueIdentifier>
    </Filter>
    <Filter Include="Sources">
      <UniqueIdentifier>{1cbeb0d0-fd73-460b-95ac-913f0c9dfe2a}</UniqueIdentifier>
    </Filter>
  </ItemGroup>
  <ItemGroup>
    <ClInclude Include="..\..\tutorial43\engine_common.h">
      <Filter>Headers</Filter>
    </ClInclude>
    <ClInclude Include="..\..\tutorial43\lighting_technique.h">
      <Filter>Headers</Filter>
    </ClInclude>
    <ClInclude Include="..\..\tutorial43\shadow_map_fbo.h">
      <Filter>Headers</Filter>
    </ClInclude>
    <ClInclude Include="..\..\tutorial43\shadow_map_technique.h">
      <Filter>Headers</Filter>
    </ClInclude>
  </ItemGroup>
  <ItemGroup>
    <None Include="..\..\tutorial43\shaders\lighting.fs">
      <Filter>Shaders</Filter>
    </None>
    <None Include="..\..\tutorial43\shaders\lighting.vs">
      <Filter>Shaders</Filter>
    </None>
    <None Include="..\..\tutorial43\shaders\shadow_map.fs">
      <Filter>Shaders</Filter>
    </None>
    <None Include="..\..\tutorial43\shaders\shadow_map.vs">
      <Filter>Shaders</Filter>
    </None>
  </ItemGroup>
  <ItemGroup>
    <ClCompile Include="..\..\tutorial43\lighting_technique.cpp">
      <Filter>Sources</Filter>
    </ClCompile>
    <ClCompile Include="..\..\tutorial43\shadow_map_fbo.cpp">
      <Filter>Sources</Filter>
    </ClCompile>
    <ClCompile Include="..\..\tutorial43\shadow_map_technique.cpp">
      <Filter>Sources</Filter>
    </ClCompile>
    <ClCompile Include="..\..\tutorial43\tutorial43.cpp">
      <Filter>Sources</Filter>
    </ClCompile>
  </ItemGroup>
</Project>