<?xml version="1.0" encoding="utf-8"?>
<Project ToolsVersion="4.0" xmlns="http://schemas.microsoft.com/developer/msbuild/2003">
  <ItemGroup>
    <Filter Include="Header Files">
      <UniqueIdentifier>{a96525e2-2be2-405f-a52d-b11ce74ec286}</UniqueIdentifier>
    </Filter>
    <Filter Include="Shaders">
      <UniqueIdentifier>{4ad362b8-97bb-4a44-bf9b-6ac80dcd5a61}</UniqueIdentifier>
    </Filter>
    <Filter Include="Source Files">
      <UniqueIdentifier>{a04420ca-5c10-4a03-acb3-a711ef1b30a3}</UniqueIdentifier>
    </Filter>
  </ItemGroup>
  <ItemGroup>
    <ClInclude Include="..\..\tutorial47\lighting_technique.h">
      <Filter>Header Files</Filter>
    </ClInclude>
    <ClInclude Include="..\..\tutorial47\shadow_map_fbo.h">
      <Filter>Header Files</Filter>
    </ClInclude>
    <ClInclude Include="..\..\tutorial47\shadow_map_technique.h">
      <Filter>Header Files</Filter>
    </ClInclude>
  </ItemGroup>
  <ItemGroup>
    <None Include="..\..\tutorial47\Shaders\lighting.fs">
      <Filter>Shaders</Filter>
    </None>
    <None Include="..\..\tutorial47\Shaders\lighting.vs">
      <Filter>Shaders</Filter>
    </None>
    <None Include="..\..\tutorial47\Shaders\shadow_map.fs">
      <Filter>Shaders</Filter>
    </None>
    <None Include="..\..\tutorial47\Shaders\shadow_map.vs">
      <Filter>Shaders</Filter>
    </None>
  </ItemGroup>
  <ItemGroup>
    <ClCompile Include="..\..\tutorial47\lighting_technique.cpp">
      <Filter>Source Files</Filter>
    </ClCompile>
    <ClCompile Include="..\..\tutorial47\shadow_map_technique.cpp">
      <Filter>Source Files</Filter>
    </ClCompile>
    <ClCompile Include="..\..\tutorial47\tutorial47.cpp">
      <Filter>Source Files</Filter>
    </ClCompile>
  </ItemGroup>
</Project>