<?xml version="1.0" encoding="utf-8"?>
<Project ToolsVersion="4.0" xmlns="http://schemas.microsoft.com/developer/msbuild/2003">
  <ItemGroup>
    <Filter Include="Header Files">
      <UniqueIdentifier>{a96525e2-2be2-405f-a52d-b11ce74ec286}</UniqueIdentifier>
    </Filter>
    <Filter Include="Source Files">
      <UniqueIdentifier>{a04420ca-5c10-4a03-acb3-a711ef1b30a3}</UniqueIdentifier>
    </Filter>
    <Filter Include="Shaders">
      <UniqueIdentifier>{e8869596-e2d8-4f0c-b3f0-382991495a8e}</UniqueIdentifier>
    </Filter>
  </ItemGroup>
  <ItemGroup>
    <ClInclude Include="..\..\tutorial49\csm_technique.h">
      <Filter>Header Files</Filter>
    </ClInclude>
    <ClInclude Include="..\..\tutorial49\lighting_technique.h">
      <Filter>Header Files</Filter>
    </ClInclude>
  </ItemGroup>
  <ItemGroup>
    <ClCompile Include="..\..\tutorial49\csm_technique.cpp">
      <Filter>Source Files</Filter>
    </ClCompile>
    <ClCompile Include="..\..\tutorial49\lighting_technique.cpp">
      <Filter>Source Files</Filter>
    </ClCompile>
    <ClCompile Include="..\..\tutorial49\tutorial49.cpp">
      <Filter>Source Files</Filter>
    </ClCompile>
  </ItemGroup>
  <ItemGroup>
    <None Include="..\..\tutorial49\Shaders\csm.fs">
      <Filter>Shaders</Filter>
    </None>
    <None Include="..\..\tutorial49\Shaders\csm.vs">
      <Filter>Shaders</Filter>
    </None>
    <None Include="..\..\tutorial49\Shaders\lighting.fs">
      <Filter>Shaders</Filter>
    </None>
    <None Include="..\..\tutorial49\Shaders\lighting.vs">
      <Filter>Shaders</Filter>
    </None>
  </ItemGroup>
</Project>