<?xml version="1.0" encoding="utf-8"?>
<Project ToolsVersion="4.0" xmlns="http://schemas.microsoft.com/developer/msbuild/2003">
  <ItemGroup>
    <Filter Include="Shaders">
      <UniqueIdentifier>{03d3bf34-434a-42d3-b90c-0168e09b9db4}</UniqueIdentifier>
    </Filter>
    <Filter Include="ImGui">
      <UniqueIdentifier>{62968c37-cf93-41c7-a2c1-34288b576b15}</UniqueIdentifier>
    </Filter>
  </ItemGroup>
  <ItemGroup>
    <ClCompile Include="..\..\..\Common\math_3d.cpp" />
    <ClCompile Include="..\..\..\Common\ogldev_util.cpp" />
    <ClCompile Include="..\..\..\Common\technique.cpp" />
    <ClCompile Include="..\..\..\Common\ogldev_basic_glfw_camera.cpp" />
    <ClCompile Include="..\..\..\Common\ogldev_glfw.cpp" />
    <ClCompile Include="..\..\..\tutorial51_youtube\tutorial51.cpp" />
    <ClCompile Include="..\..\..\Common\ogldev_quad_tess_technique.cpp" />
    <ClCompile Include="..\..\..\Common\3rdparty\ImGui\GLFW\imgui.cpp">
      <Filter>ImGui</Filter>
    </ClCompile>
    <ClCompile Include="..\..\..\Common\3rdparty\ImGui\GLFW\imgui_draw.cpp">
      <Filter>ImGui</Filter>
    </ClCompile>
    <ClCompile Include="..\..\..\Common\3rdparty\ImGui\GLFW\imgui_impl_glfw.cpp">
      <Filter>ImGui</Filter>
    </ClCompile>
    <ClCompile Include="..\..\..\Common\3rdparty\ImGui\GLFW\imgui_impl_opengl3.cpp">
      <Filter>ImGui</Filter>
    </ClCompile>
    <ClCompile Include="..\..\..\Common\3rdparty\ImGui\GLFW\imgui_tables.cpp">
      <Filter>ImGui</Filter>
    </ClCompile>
    <ClCompile Include="..\..\..\Common\3rdparty\ImGui\GLFW\imgui_widgets.cpp">
      <Filter>ImGui</Filter>
    </ClCompile>
    <ClCompile Include="..\..\..\Common\ogldev_base_app.cpp" />
  </ItemGroup>
  <ItemGroup>
    <ClInclude Include="..\..\..\Include\technique.h" />
    <ClInclude Include="..\..\..\Common\3rdparty\ImGui\GLFW\imconfig.h">
      <Filter>ImGui</Filter>
    </ClInclude>
    <ClInclude Include="..\..\..\Common\3rdparty\ImGui\GLFW\imgui.h">
      <Filter>ImGui</Filter>
    </ClInclude>
    <ClInclude Include="..\..\..\Common\3rdparty\ImGui\GLFW\imgui_impl_glfw.h">
      <Filter>ImGui</Filter>
    </ClInclude>
    <ClInclude Include="..\..\..\Common\3rdparty\ImGui\GLFW\imgui_impl_opengl3.h">
      <Filter>ImGui</Filter>
    </ClInclude>
    <ClInclude Include="..\..\..\Common\3rdparty\ImGui\GLFW\imgui_impl_opengl3_loader.h">
      <Filter>ImGui</Filter>
    </ClInclude>
    <ClInclude Include="..\..\..\Common\3rdparty\ImGui\GLFW\imgui_internal.h">
      <Filter>ImGui</Filter>
    </ClInclude>
    <ClInclude Include="..\..\..\Common\3rdparty\ImGui\GLFW\imstb_rectpack.h">
      <Filter>ImGui</Filter>
    </ClInclude>
    <ClInclude Include="..\..\..\Common\3rdparty\ImGui\GLFW\imstb_textedit.h">
      <Filter>ImGui</Filter>
    </ClInclude>
    <ClInclude Include="..\..\..\Common\3rdparty\ImGui\GLFW\imstb_truetype.h">
      <Filter>ImGui</Filter>
    </ClInclude>
  </ItemGroup>
  <ItemGroup>
    <None Include="..\..\..\Common\Shaders\passthru_vec2.vs">
      <Filter>Shaders</Filter>
    </None>
    <None Include="..\..\..\Common\Shaders\quad_tess.tcs">
      <Filter>Shaders</Filter>
    </None>
    <None Include="..\..\..\Common\Shaders\quad_tess.tes">
      <Filter>Shaders</Filter>
    </None>
    <None Include="..\..\..\Common\Shaders\color.fs">
      <Filter>Shaders</Filter>
    </None>
  </ItemGroup>
</Project>