<?xml version="1.0" encoding="utf-8"?>
<Project ToolsVersion="4.0" xmlns="http://schemas.microsoft.com/developer/msbuild/2003">
  <ItemGroup>
    <Filter Include="Source Files">
      <UniqueIdentifier>{4FC737F1-C7A5-4376-A066-2A32D752A2FF}</UniqueIdentifier>
      <Extensions>cpp;c;cc;cxx;c++;cppm;ixx;def;odl;idl;hpj;bat;asm;asmx</Extensions>
    </Filter>
    <Filter Include="Header Files">
      <UniqueIdentifier>{93995380-89BD-4b04-88EB-625FBE52EBFB}</UniqueIdentifier>
      <Extensions>h;hh;hpp;hxx;h++;hm;inl;inc;ipp;xsd</Extensions>
    </Filter>
    <Filter Include="Resource Files">
      <UniqueIdentifier>{67DA6AB6-F800-4c08-8B7A-83BB121AAD01}</UniqueIdentifier>
      <Extensions>rc;ico;cur;bmp;dlg;rc2;rct;bin;rgs;gif;jpg;jpeg;jpe;resx;tiff;tif;png;wav;mfcribbon-ms</Extensions>
    </Filter>
    <Filter Include="Source Files\ImGui">
      <UniqueIdentifier>{bd908341-18ea-4d91-bfa7-acb51b35dcbf}</UniqueIdentifier>
    </Filter>
    <Filter Include="Header Files\Techniques">
      <UniqueIdentifier>{d2b1c03e-91cb-491e-8aa1-679b31a69c36}</UniqueIdentifier>
    </Filter>
    <Filter Include="Source Files\Techniques">
      <UniqueIdentifier>{1cdbfcc6-0425-4563-9d57-bc2ae8656246}</UniqueIdentifier>
    </Filter>
    <Filter Include="Shaders">
      <UniqueIdentifier>{5a23f0b2-da9a-4db2-8d88-0945efcc8891}</UniqueIdentifier>
    </Filter>
    <Filter Include="Source Files\Demolition">
      <UniqueIdentifier>{63e4b337-bc16-4cfa-a22b-20a67f919b97}</UniqueIdentifier>
    </Filter>
  </ItemGroup>
  <ItemGroup>
    <ClInclude Include="framework.h">
      <Filter>Header Files</Filter>
    </ClInclude>
    <ClInclude Include="..\..\..\Include\ogldev.h">
      <Filter>Header Files</Filter>
    </ClInclude>
    <ClInclude Include="..\..\..\Include\ogldev_app.h">
      <Filter>Header Files</Filter>
    </ClInclude>
    <ClInclude Include="..\..\..\Include\ogldev_array_2d.h">
      <Filter>Header Files</Filter>
    </ClInclude>
    <ClInclude Include="..\..\..\Include\ogldev_atb.h">
      <Filter>Header Files</Filter>
    </ClInclude>
    <ClInclude Include="..\..\..\Include\ogldev_backend.h">
      <Filter>Header Files</Filter>
    </ClInclude>
    <ClInclude Include="..\..\..\Include\ogldev_base_app.h">
      <Filter>Header Files</Filter>
    </ClInclude>
    <ClInclude Include="..\..\..\Include\ogldev_basic_glfw_camera.h">
      <Filter>Header Files</Filter>
    </ClInclude>
    <ClInclude Include="..\..\..\Include\ogldev_basic_lighting.h">
      <Filter>Header Files</Filter>
    </ClInclude>
    <ClInclude Include="..\..\..\Include\ogldev_basic_mesh.h">
      <Filter>Header Files</Filter>
    </ClInclude>
    <ClInclude Include="..\..\..\Include\ogldev_billboard_list.h">
      <Filter>Header Files</Filter>
    </ClInclude>
    <ClInclude Include="..\..\..\Include\ogldev_callbacks.h">
      <Filter>Header Files</Filter>
    </ClInclude>
    <ClInclude Include="..\..\..\Include\ogldev_camera.h">
      <Filter>Header Files</Filter>
    </ClInclude>
    <ClInclude Include="..\..\..\Include\ogldev_cubemap_texture.h">
      <Filter>Header Files</Filter>
    </ClInclude>
    <ClInclude Include="..\..\..\Include\ogldev_engine_common.h">
      <Filter>Header Files</Filter>
    </ClInclude>
    <ClInclude Include="..\..\..\Include\ogldev_framebuffer.h">
      <Filter>Header Files</Filter>
    </ClInclude>
    <ClInclude Include="..\..\..\Include\ogldev_glfw.h">
      <Filter>Header Files</Filter>
    </ClInclude>
    <ClInclude Include="..\..\..\Include\ogldev_glfw_backend.h">
      <Filter>Header Files</Filter>
    </ClInclude>
    <ClInclude Include="..\..\..\Include\ogldev_glut_backend.h">
      <Filter>Header Files</Filter>
    </ClInclude>
    <ClInclude Include="..\..\..\Include\ogldev_gui_texture.h">
      <Filter>Header Files</Filter>
    </ClInclude>
    <ClInclude Include="..\..\..\Include\ogldev_io_buffer.h">
      <Filter>Header Files</Filter>
    </ClInclude>
    <ClInclude Include="..\..\..\Include\ogldev_keys.h">
      <Filter>Header Files</Filter>
    </ClInclude>
    <ClInclude Include="..\..\..\Include\ogldev_lights_common.h">
      <Filter>Header Files</Filter>
    </ClInclude>
    <ClInclude Include="..\..\..\Include\ogldev_material.h">
      <Filter>Header Files</Filter>
    </ClInclude>
    <ClInclude Include="..\..\..\Include\ogldev_math_3d.h">
      <Filter>Header Files</Filter>
    </ClInclude>
    <ClInclude Include="..\..\..\Include\ogldev_mesh_common.h">
      <Filter>Header Files</Filter>
    </ClInclude>
    <ClInclude Include="..\..\..\Include\ogldev_new_lighting.h">
      <Filter>Header Files</Filter>
    </ClInclude>
    <ClInclude Include="..\..\..\Include\ogldev_phong_renderer.h">
      <Filter>Header Files</Filter>
    </ClInclude>
    <ClInclude Include="..\..\..\Include\ogldev_pipeline.h">
      <Filter>Header Files</Filter>
    </ClInclude>
    <ClInclude Include="..\..\..\Include\ogldev_random_texture.h">
      <Filter>Header Files</Filter>
    </ClInclude>
    <ClInclude Include="..\..\..\Include\ogldev_save_viewport.h">
      <Filter>Header Files</Filter>
    </ClInclude>
    <ClInclude Include="..\..\..\Include\ogldev_screen_quad.h">
      <Filter>Header Files</Filter>
    </ClInclude>
    <ClInclude Include="..\..\..\Include\ogldev_shadow_cube_map_fbo.h">
      <Filter>Header Files</Filter>
    </ClInclude>
    <ClInclude Include="..\..\..\Include\ogldev_shadow_map_fbo.h">
      <Filter>Header Files</Filter>
    </ClInclude>
    <ClInclude Include="..\..\..\Include\ogldev_shadow_map_offset_texture.h">
      <Filter>Header Files</Filter>
    </ClInclude>
    <ClInclude Include="..\..\..\Include\ogldev_skinned_mesh.h">
      <Filter>Header Files</Filter>
    </ClInclude>
    <ClInclude Include="..\..\..\Include\ogldev_skybox.h">
      <Filter>Header Files</Filter>
    </ClInclude>
    <ClInclude Include="..\..\..\Include\ogldev_skydome.h">
      <Filter>Header Files</Filter>
    </ClInclude>
    <ClInclude Include="..\..\..\Include\ogldev_stb_image.h">
      <Filter>Header Files</Filter>
    </ClInclude>
    <ClInclude Include="..\..\..\Include\ogldev_texture.h">
      <Filter>Header Files</Filter>
    </ClInclude>
    <ClInclude Include="..\..\..\Include\ogldev_types.h">
      <Filter>Header Files</Filter>
    </ClInclude>
    <ClInclude Include="..\..\..\Include\ogldev_util.h">
      <Filter>Header Files</Filter>
    </ClInclude>
    <ClInclude Include="..\..\..\Include\ogldev_vertex_buffer.h">
      <Filter>Header Files</Filter>
    </ClInclude>
    <ClInclude Include="..\..\..\Include\ogldev_world_transform.h">
      <Filter>Header Files</Filter>
    </ClInclude>
    <ClInclude Include="..\..\..\Include\technique.h">
      <Filter>Header Files</Filter>
    </ClInclude>
    <ClInclude Include="..\..\..\Common\3rdparty\ImGui\GLFW\imconfig.h">
      <Filter>Source Files\ImGui</Filter>
    </ClInclude>
    <ClInclude Include="..\..\..\Common\3rdparty\ImGui\GLFW\imgui.h">
      <Filter>Source Files\ImGui</Filter>
    </ClInclude>
    <ClInclude Include="..\..\..\Common\3rdparty\ImGui\GLFW\imgui_impl_glfw.h">
      <Filter>Source Files\ImGui</Filter>
    </ClInclude>
    <ClInclude Include="..\..\..\Common\3rdparty\ImGui\GLFW\imgui_impl_opengl3.h">
      <Filter>Source Files\ImGui</Filter>
    </ClInclude>
    <ClInclude Include="..\..\..\Common\3rdparty\ImGui\GLFW\imgui_impl_opengl3_loader.h">
      <Filter>Source Files\ImGui</Filter>
    </ClInclude>
    <ClInclude Include="..\..\..\Common\3rdparty\ImGui\GLFW\imgui_internal.h">
      <Filter>Source Files\ImGui</Filter>
    </ClInclude>
    <ClInclude Include="..\..\..\Common\3rdparty\ImGui\GLFW\imstb_rectpack.h">
      <Filter>Source Files\ImGui</Filter>
    </ClInclude>
    <ClInclude Include="..\..\..\Common\3rdparty\ImGui\GLFW\imstb_textedit.h">
      <Filter>Source Files\ImGui</Filter>
    </ClInclude>
    <ClInclude Include="..\..\..\Common\3rdparty\ImGui\GLFW\imstb_truetype.h">
      <Filter>Source Files\ImGui</Filter>
    </ClInclude>
    <ClInclude Include="..\..\..\Include\Techniques\ogldev_ray_marching_technique.h">
      <Filter>Header Files\Techniques</Filter>
    </ClInclude>
    <ClInclude Include="..\..\..\Include\ogldev_glm_camera.h">
      <Filter>Header Files</Filter>
    </ClInclude>
    <ClInclude Include="..\..\..\Include\ogldev_infinite_grid.h">
      <Filter>Header Files</Filter>
    </ClInclude>
    <ClInclude Include="..\..\..\Include\ogldev_bezier_curve_technique.h">
      <Filter>Header Files\Techniques</Filter>
    </ClInclude>
    <ClInclude Include="..\..\..\Include\ogldev_billboard_technique.h">
      <Filter>Header Files\Techniques</Filter>
    </ClInclude>
    <ClInclude Include="..\..\..\Include\ogldev_flat_passthru_technique.h">
      <Filter>Header Files\Techniques</Filter>
    </ClInclude>
    <ClInclude Include="..\..\..\Include\ogldev_passthru_vec2_technique.h">
      <Filter>Header Files\Techniques</Filter>
    </ClInclude>
    <ClInclude Include="..\..\..\Include\ogldev_quad_tess_technique.h">
      <Filter>Header Files\Techniques</Filter>
    </ClInclude>
    <ClInclude Include="..\..\..\Include\ogldev_shadow_mapping_technique.h">
      <Filter>Header Files\Techniques</Filter>
    </ClInclude>
    <ClInclude Include="..\..\..\Include\ogldev_guitex_technique.h">
      <Filter>Header Files\Techniques</Filter>
    </ClInclude>
    <ClInclude Include="..\..\..\Include\ogldev_shadow_mapping_technique_point_light.h">
      <Filter>Header Files\Techniques</Filter>
    </ClInclude>
    <ClInclude Include="..\..\..\Include\ogldev_skinning_technique.h">
      <Filter>Header Files\Techniques</Filter>
    </ClInclude>
    <ClInclude Include="..\..\..\Include\ogldev_skybox_technique.h">
      <Filter>Header Files\Techniques</Filter>
    </ClInclude>
    <ClInclude Include="..\..\..\Include\ogldev_tex_technique.h">
      <Filter>Header Files\Techniques</Filter>
    </ClInclude>
    <ClInclude Include="..\..\..\Include\ogldev_sprite_technique.h">
      <Filter>Header Files\Techniques</Filter>
    </ClInclude>
    <ClInclude Include="..\..\..\Include\ogldev_skydome_technique.h">
      <Filter>Header Files\Techniques</Filter>
    </ClInclude>
    <ClInclude Include="..\..\..\Include\ogldev_base_app2.h">
      <Filter>Header Files</Filter>
    </ClInclude>
    <ClInclude Include="..\..\..\Include\bitmap.h">
      <Filter>Header Files</Filter>
    </ClInclude>
    <ClInclude Include="..\..\..\Include\ogldev_glfw_camera_handler.h">
      <Filter>Header Files</Filter>
    </ClInclude>
    <ClInclude Include="..\..\..\Include\ogldev_camera_api.h">
      <Filter>Header Files</Filter>
    </ClInclude>
    <ClInclude Include="..\..\..\Include\ogldev_color_technique.h">
      <Filter>Header Files</Filter>
    </ClInclude>
    <ClInclude Include="..\..\..\Include\Techniques\ogldev_square_vs.h">
      <Filter>Header Files</Filter>
    </ClInclude>
  </ItemGroup>
  <ItemGroup>
    <ClCompile Include="..\..\..\Common\camera.cpp">
      <Filter>Source Files</Filter>
    </ClCompile>
    <ClCompile Include="..\..\..\Common\cubemap_texture.cpp">
      <Filter>Source Files</Filter>
    </ClCompile>
    <ClCompile Include="..\..\..\Common\glut_backend.cpp">
      <Filter>Source Files</Filter>
    </ClCompile>
    <ClCompile Include="..\..\..\Common\io_buffer.cpp">
      <Filter>Source Files</Filter>
    </ClCompile>
    <ClCompile Include="..\..\..\Common\math_3d.cpp">
      <Filter>Source Files</Filter>
    </ClCompile>
    <ClCompile Include="..\..\..\Common\ogldev_app.cpp">
      <Filter>Source Files</Filter>
    </ClCompile>
    <ClCompile Include="..\..\..\Common\ogldev_atb.cpp">
      <Filter>Source Files</Filter>
    </ClCompile>
    <ClCompile Include="..\..\..\Common\ogldev_backend.cpp">
      <Filter>Source Files</Filter>
    </ClCompile>
    <ClCompile Include="..\..\..\Common\ogldev_base_app.cpp">
      <Filter>Source Files</Filter>
    </ClCompile>
    <ClCompile Include="..\..\..\Common\ogldev_basic_glfw_camera.cpp">
      <Filter>Source Files</Filter>
    </ClCompile>
    <ClCompile Include="..\..\..\Common\ogldev_basic_lighting.cpp">
      <Filter>Source Files</Filter>
    </ClCompile>
    <ClCompile Include="..\..\..\Common\ogldev_basic_mesh.cpp">
      <Filter>Source Files</Filter>
    </ClCompile>
    <ClCompile Include="..\..\..\Common\ogldev_billboard_list.cpp">
      <Filter>Source Files</Filter>
    </ClCompile>
    <ClCompile Include="..\..\..\Common\ogldev_framebuffer.cpp">
      <Filter>Source Files</Filter>
    </ClCompile>
    <ClCompile Include="..\..\..\Common\ogldev_glfw.cpp">
      <Filter>Source Files</Filter>
    </ClCompile>
    <ClCompile Include="..\..\..\Common\ogldev_glfw_backend.cpp">
      <Filter>Source Files</Filter>
    </ClCompile>
    <ClCompile Include="..\..\..\Common\ogldev_gui_texture.cpp">
      <Filter>Source Files</Filter>
    </ClCompile>
    <ClCompile Include="..\..\..\Common\ogldev_new_lighting.cpp">
      <Filter>Source Files</Filter>
    </ClCompile>
    <ClCompile Include="..\..\..\Common\ogldev_phong_renderer.cpp">
      <Filter>Source Files</Filter>
    </ClCompile>
    <ClCompile Include="..\..\..\Common\ogldev_screen_quad.cpp">
      <Filter>Source Files</Filter>
    </ClCompile>
    <ClCompile Include="..\..\..\Common\ogldev_shadow_cube_map_fbo.cpp">
      <Filter>Source Files</Filter>
    </ClCompile>
    <ClCompile Include="..\..\..\Common\ogldev_shadow_map_fbo.cpp">
      <Filter>Source Files</Filter>
    </ClCompile>
    <ClCompile Include="..\..\..\Common\ogldev_shadow_map_offset_texture.cpp">
      <Filter>Source Files</Filter>
    </ClCompile>
    <ClCompile Include="..\..\..\Common\ogldev_skinned_mesh.cpp">
      <Filter>Source Files</Filter>
    </ClCompile>
    <ClCompile Include="..\..\..\Common\ogldev_skybox.cpp">
      <Filter>Source Files</Filter>
    </ClCompile>
    <ClCompile Include="..\..\..\Common\ogldev_skydome.cpp">
      <Filter>Source Files</Filter>
    </ClCompile>
    <ClCompile Include="..\..\..\Common\ogldev_stb_image.cpp">
      <Filter>Source Files</Filter>
    </ClCompile>
    <ClCompile Include="..\..\..\Common\ogldev_tex_technique.cpp">
      <Filter>Source Files</Filter>
    </ClCompile>
    <ClCompile Include="..\..\..\Common\ogldev_texture.cpp">
      <Filter>Source Files</Filter>
    </ClCompile>
    <ClCompile Include="..\..\..\Common\ogldev_util.cpp">
      <Filter>Source Files</Filter>
    </ClCompile>
    <ClCompile Include="..\..\..\Common\ogldev_world_transform.cpp">
      <Filter>Source Files</Filter>
    </ClCompile>
    <ClCompile Include="..\..\..\Common\pipeline.cpp">
      <Filter>Source Files</Filter>
    </ClCompile>
    <ClCompile Include="..\..\..\Common\random_texture.cpp">
      <Filter>Source Files</Filter>
    </ClCompile>
    <ClCompile Include="..\..\..\Common\technique.cpp">
      <Filter>Source Files</Filter>
    </ClCompile>
    <ClCompile Include="..\..\..\Common\3rdparty\ImGui\GLFW\imgui.cpp">
      <Filter>Source Files\ImGui</Filter>
    </ClCompile>
    <ClCompile Include="..\..\..\Common\3rdparty\ImGui\GLFW\imgui_draw.cpp">
      <Filter>Source Files\ImGui</Filter>
    </ClCompile>
    <ClCompile Include="..\..\..\Common\3rdparty\ImGui\GLFW\imgui_impl_glfw.cpp">
      <Filter>Source Files\ImGui</Filter>
    </ClCompile>
    <ClCompile Include="..\..\..\Common\3rdparty\ImGui\GLFW\imgui_impl_opengl3.cpp">
      <Filter>Source Files\ImGui</Filter>
    </ClCompile>
    <ClCompile Include="..\..\..\Common\3rdparty\ImGui\GLFW\imgui_tables.cpp">
      <Filter>Source Files\ImGui</Filter>
    </ClCompile>
    <ClCompile Include="..\..\..\Common\3rdparty\ImGui\GLFW\imgui_widgets.cpp">
      <Filter>Source Files\ImGui</Filter>
    </ClCompile>
    <ClCompile Include="..\..\..\Common\Techniques\ogldev_ray_marching_technique.cpp">
      <Filter>Source Files\Techniques</Filter>
    </ClCompile>
    <ClCompile Include="..\..\..\Common\3rdparty\stb_image.cpp">
      <Filter>Source Files</Filter>
    </ClCompile>
    <ClCompile Include="..\..\..\Common\ogldev_glm_camera.cpp">
      <Filter>Source Files</Filter>
    </ClCompile>
    <ClCompile Include="..\..\..\Common\ogldev_bezier_curve_technique.cpp">
      <Filter>Source Files\Techniques</Filter>
    </ClCompile>
    <ClCompile Include="..\..\..\Common\ogldev_flat_passthru_technique.cpp">
      <Filter>Source Files\Techniques</Filter>
    </ClCompile>
    <ClCompile Include="..\..\..\Common\ogldev_billboard_technique.cpp">
      <Filter>Source Files\Techniques</Filter>
    </ClCompile>
    <ClCompile Include="..\..\..\Common\ogldev_passthru_vec2_technique.cpp">
      <Filter>Source Files\Techniques</Filter>
    </ClCompile>
    <ClCompile Include="..\..\..\Common\ogldev_shadow_mapping_technique.cpp">
      <Filter>Source Files\Techniques</Filter>
    </ClCompile>
    <ClCompile Include="..\..\..\Common\ogldev_shadow_mapping_technique_point_light.cpp">
      <Filter>Source Files\Techniques</Filter>
    </ClCompile>
    <ClCompile Include="..\..\..\Common\ogldev_guitex_technique.cpp">
      <Filter>Source Files\Techniques</Filter>
    </ClCompile>
    <ClCompile Include="..\..\..\Common\ogldev_quad_tess_technique.cpp">
      <Filter>Source Files\Techniques</Filter>
    </ClCompile>
    <ClCompile Include="..\..\..\Common\ogldev_skybox_technique.cpp">
      <Filter>Source Files\Techniques</Filter>
    </ClCompile>
    <ClCompile Include="..\..\..\Common\ogldev_skydome_technique.cpp">
      <Filter>Source Files\Techniques</Filter>
    </ClCompile>
    <ClCompile Include="..\..\..\Common\ogldev_sprite_technique.cpp">
      <Filter>Source Files\Techniques</Filter>
    </ClCompile>
    <ClCompile Include="..\..\..\Common\ogldev_skinning_technique.cpp">
      <Filter>Source Files\Techniques</Filter>
    </ClCompile>
    <ClCompile Include="..\..\..\Common\ogldev_infinite_grid_technique.cpp">
      <Filter>Source Files\Techniques</Filter>
    </ClCompile>
    <ClCompile Include="..\..\..\Common\ogldev_infinite_grid.cpp">
      <Filter>Source Files</Filter>
    </ClCompile>
    <ClCompile Include="..\..\..\Common\ogldev_base_app2.cpp">
      <Filter>Source Files</Filter>
    </ClCompile>
    <ClCompile Include="..\..\..\Common\ogldev_glfw_camera_handler.cpp">
      <Filter>Source Files</Filter>
    </ClCompile>
    <ClCompile Include="..\..\..\Common\Techniques\ogldev_color_technique.cpp">
      <Filter>Source Files\Techniques</Filter>
    </ClCompile>
    <ClCompile Include="..\..\..\Common\Techniques\ogldev_square_vs.cpp">
      <Filter>Source Files\Techniques</Filter>
    </ClCompile>
    <ClCompile Include="..\..\..\DemoLITION\Framework\Source\core_model.cpp">
      <Filter>Source Files\Demolition</Filter>
    </ClCompile>
  </ItemGroup>
  <ItemGroup>
    <None Include="..\..\..\Common\Shaders\basic_lighting.fs">
      <Filter>Shaders</Filter>
    </None>
    <None Include="..\..\..\Common\Shaders\basic_lighting.vs">
      <Filter>Shaders</Filter>
    </None>
    <None Include="..\..\..\Common\Shaders\bezier_curve.tcs">
      <Filter>Shaders</Filter>
    </None>
    <None Include="..\..\..\Common\Shaders\bezier_curve.tes">
      <Filter>Shaders</Filter>
    </None>
    <None Include="..\..\..\Common\Shaders\billboard.fs">
      <Filter>Shaders</Filter>
    </None>
    <None Include="..\..\..\Common\Shaders\billboard.gs">
      <Filter>Shaders</Filter>
    </None>
    <None Include="..\..\..\Common\Shaders\billboard.vs">
      <Filter>Shaders</Filter>
    </None>
    <None Include="..\..\..\Common\Shaders\color.fs">
      <Filter>Shaders</Filter>
    </None>
    <None Include="..\..\..\Common\Shaders\empty.fs">
      <Filter>Shaders</Filter>
    </None>
    <None Include="..\..\..\Common\Shaders\flat_passthru.vs">
      <Filter>Shaders</Filter>
    </None>
    <None Include="..\..\..\Common\Shaders\guitex.fs">
      <Filter>Shaders</Filter>
    </None>
    <None Include="..\..\..\Common\Shaders\guitex.vs">
      <Filter>Shaders</Filter>
    </None>
    <None Include="..\..\..\Common\Shaders\infinite_grid.fs">
      <Filter>Shaders</Filter>
    </None>
    <None Include="..\..\..\Common\Shaders\infinite_grid.vs">
      <Filter>Shaders</Filter>
    </None>
    <None Include="..\..\..\Common\Shaders\lighting_new.fs">
      <Filter>Shaders</Filter>
    </None>
    <None Include="..\..\..\Common\Shaders\lighting_new.vs">
      <Filter>Shaders</Filter>
    </None>
    <None Include="..\..\..\Common\Shaders\lighting_new_to_gs.vs">
      <Filter>Shaders</Filter>
    </None>
    <None Include="..\..\..\Common\Shaders\passthru.gs">
      <Filter>Shaders</Filter>
    </None>
    <None Include="..\..\..\Common\Shaders\passthru_vec2.vs">
      <Filter>Shaders</Filter>
    </None>
    <None Include="..\..\..\Common\Shaders\passthru_vec3.vs">
      <Filter>Shaders</Filter>
    </None>
    <None Include="..\..\..\Common\Shaders\quad_tess.tcs">
      <Filter>Shaders</Filter>
    </None>
    <None Include="..\..\..\Common\Shaders\quad_tess.tes">
      <Filter>Shaders</Filter>
    </None>
    <None Include="..\..\..\Common\Shaders\ray_marching.fs">
      <Filter>Shaders</Filter>
    </None>
    <None Include="..\..\..\Common\Shaders\ray_marching.vs">
      <Filter>Shaders</Filter>
    </None>
    <None Include="..\..\..\Common\Shaders\shadow_map.vs">
      <Filter>Shaders</Filter>
    </None>
    <None Include="..\..\..\Common\Shaders\shadow_map_point_light.fs">
      <Filter>Shaders</Filter>
    </None>
    <None Include="..\..\..\Common\Shaders\shadow_map_point_light.vs">
      <Filter>Shaders</Filter>
    </None>
    <None Include="..\..\..\Common\Shaders\skinning.vs">
      <Filter>Shaders</Filter>
    </None>
    <None Include="..\..\..\Common\Shaders\skybox.fs">
      <Filter>Shaders</Filter>
    </None>
    <None Include="..\..\..\Common\Shaders\skybox.vs">
      <Filter>Shaders</Filter>
    </None>
    <None Include="..\..\..\Common\Shaders\skydome.fs">
      <Filter>Shaders</Filter>
    </None>
    <None Include="..\..\..\Common\Shaders\skydome.vs">
      <Filter>Shaders</Filter>
    </None>
    <None Include="..\..\..\Common\Shaders\sprite.fs">
      <Filter>Shaders</Filter>
    </None>
    <None Include="..\..\..\Common\Shaders\sprite.vs">
      <Filter>Shaders</Filter>
    </None>
    <None Include="..\..\..\Common\Shaders\tex.fs">
      <Filter>Shaders</Filter>
    </None>
    <None Include="..\..\..\Common\Shaders\tex.vs">
      <Filter>Shaders</Filter>
    </None>
    <None Include="..\..\..\Common\Shaders\wireframe_on_mesh.gs">
      <Filter>Shaders</Filter>
    </None>
    <None Include="..\..\..\Common\Shaders\quad.vs">
      <Filter>Shaders</Filter>
    </None>
  </ItemGroup>
</Project>