<?xml version="1.0" encoding="utf-8"?>
<Project ToolsVersion="4.0" xmlns="http://schemas.microsoft.com/developer/msbuild/2003">
  <ItemGroup>
    <Filter Include="Source Files">
      <UniqueIdentifier>{4FC737F1-C7A5-4376-A066-2A32D752A2FF}</UniqueIdentifier>
      <Extensions>cpp;c;cc;cxx;c++;cppm;ixx;def;odl;idl;hpj;bat;asm;asmx</Extensions>
    </Filter>
    <Filter Include="Header Files">
      <UniqueIdentifier>{93995380-89BD-4b04-88EB-625FBE52EBFB}</UniqueIdentifier>
      <Extensions>h;hh;hpp;hxx;h++;hm;inl;inc;ipp;xsd</Extensions>
    </Filter>
    <Filter Include="Resource Files">
      <UniqueIdentifier>{67DA6AB6-F800-4c08-8B7A-83BB121AAD01}</UniqueIdentifier>
      <Extensions>rc;ico;cur;bmp;dlg;rc2;rct;bin;rgs;gif;jpg;jpeg;jpe;resx;tiff;tif;png;wav;mfcribbon-ms</Extensions>
    </Filter>
    <Filter Include="Source Files\CommonOgldev">
      <UniqueIdentifier>{4939a630-0e07-4638-86e9-269961108740}</UniqueIdentifier>
    </Filter>
    <Filter Include="Source Files\Vulkan">
      <UniqueIdentifier>{a62c035f-b479-4bf3-abd5-ee7560353f39}</UniqueIdentifier>
    </Filter>
  </ItemGroup>
  <ItemGroup>
    <ClCompile Include="..\..\..\..\Common\ogldev_util.cpp">
      <Filter>Source Files\CommonOgldev</Filter>
    </ClCompile>
    <ClCompile Include="..\..\..\..\Common\math_3d.cpp">
      <Filter>Source Files\CommonOgldev</Filter>
    </ClCompile>
    <ClCompile Include="..\..\..\..\Vulkan\VulkanCore\Source\core.cpp">
      <Filter>Source Files\Vulkan</Filter>
    </ClCompile>
    <ClCompile Include="..\..\..\..\Vulkan\VulkanCore\Source\util.cpp">
      <Filter>Source Files\Vulkan</Filter>
    </ClCompile>
    <ClCompile Include="..\..\..\..\Vulkan\VulkanCore\Source\device.cpp">
      <Filter>Source Files\Vulkan</Filter>
    </ClCompile>
    <ClCompile Include="..\..\..\..\Vulkan\VulkanCore\Source\wrapper.cpp">
      <Filter>Source Files\Vulkan</Filter>
    </ClCompile>
    <ClCompile Include="..\..\..\..\Vulkan\VulkanCore\Source\queue.cpp">
      <Filter>Source Files\Vulkan</Filter>
    </ClCompile>
    <ClCompile Include="..\..\..\..\Vulkan\VulkanCore\Source\shader.cpp">
      <Filter>Source Files\Vulkan</Filter>
    </ClCompile>
    <ClCompile Include="..\..\..\..\Vulkan\VulkanCore\Source\graphics_pipeline.cpp">
      <Filter>Source Files\Vulkan</Filter>
    </ClCompile>
  </ItemGroup>
  <ItemGroup>
    <ClInclude Include="..\..\..\..\Vulkan\VulkanCore\Include\ogldev_vulkan_core.h">
      <Filter>Header Files</Filter>
    </ClInclude>
    <ClInclude Include="..\..\..\..\Vulkan\VulkanCore\Include\ogldev_vulkan_util.h">
      <Filter>Header Files</Filter>
    </ClInclude>
    <ClInclude Include="..\..\..\..\Vulkan\VulkanCore\Include\ogldev_vulkan_device.h">
      <Filter>Header Files</Filter>
    </ClInclude>
    <ClInclude Include="..\..\..\..\Vulkan\VulkanCore\Include\ogldev_vulkan_wrapper.h">
      <Filter>Header Files</Filter>
    </ClInclude>
    <ClInclude Include="..\..\..\..\Vulkan\VulkanCore\Include\ogldev_vulkan_queue.h">
      <Filter>Header Files</Filter>
    </ClInclude>
    <ClInclude Include="..\..\..\..\Vulkan\VulkanCore\Include\ogldev_vulkan_shader.h">
      <Filter>Header Files</Filter>
    </ClInclude>
    <ClInclude Include="..\..\..\..\Vulkan\VulkanCore\Include\ogldev_vulkan_graphics_pipeline.h">
      <Filter>Header Files</Filter>
    </ClInclude>
  </ItemGroup>
</Project>